
PODS:
- GoogleAnalytics-iOS-SDK (2.0beta3)
- PrettyKit (0.2.0)
- Reachability (3.1.0)
- SVProgressHUD (0.8)

DEPENDENCIES:
- GoogleAnalytics-iOS-SDK
- PrettyKit (~> 0.2.0)
- Reachability
- SVProgressHUD

SPEC CHECKSUMS:
  GoogleAnalytics-iOS-SDK: dbc85b4df88cd4a7eb7fb774400e865db2fab8bb
  PrettyKit: 44b8f06f3719579880d2e11cd6498b7464b3b0fa
  Reachability: 1c8584c5f26fa776695efef95caaa50402c94cfb
  SVProgressHUD: 51042a14e3a716efdbdd73cbb2181fb23ee94389

COCOAPODS: 0.16.0
