<?xml version="1.0" encoding="UTF-8"?>
<!DOCTYPE plist PUBLIC "-//Apple//DTD PLIST 1.0//EN" "http://www.apple.com/DTDs/PropertyList-1.0.dtd">
<plist version="1.0">
<dict>
	<key>archiveVersion</key>
	<string>1</string>
	<key>classes</key>
	<dict/>
	<key>objectVersion</key>
	<string>46</string>
	<key>objects</key>
	<dict>
		<key>2F00D6FD149A0E5D00ED2ABB</key>
		<dict>
			<key>isa</key>
			<string>PBXFileReference</string>
			<key>lastKnownFileType</key>
			<string>wrapper.framework</string>
			<key>name</key>
			<string>MessageUI.framework</string>
			<key>path</key>
			<string>System/Library/Frameworks/MessageUI.framework</string>
			<key>sourceTree</key>
			<string>SDKROOT</string>
		</dict>
		<key>2F00D6FE149A0E5D00ED2ABB</key>
		<dict>
			<key>fileRef</key>
			<string>2F00D6FD149A0E5D00ED2ABB</string>
			<key>isa</key>
			<string>PBXBuildFile</string>
		</dict>
		<key>2F00D6FF149A1BEF00ED2ABB</key>
		<dict>
			<key>children</key>
			<array>
				<string>2F00D700149A1BEF00ED2ABB</string>
				<string>2F00D701149A1BEF00ED2ABB</string>
				<string>2F00D702149A1BEF00ED2ABB</string>
			</array>
			<key>isa</key>
			<string>PBXGroup</string>
			<key>path</key>
			<string>SVProgressHUD</string>
			<key>sourceTree</key>
			<string>&lt;group&gt;</string>
		</dict>
		<key>2F00D700149A1BEF00ED2ABB</key>
		<dict>
			<key>isa</key>
			<string>PBXFileReference</string>
			<key>lastKnownFileType</key>
			<string>wrapper.plug-in</string>
			<key>path</key>
			<string>SVProgressHUD.bundle</string>
			<key>sourceTree</key>
			<string>&lt;group&gt;</string>
		</dict>
		<key>2F00D701149A1BEF00ED2ABB</key>
		<dict>
			<key>fileEncoding</key>
			<string>4</string>
			<key>isa</key>
			<string>PBXFileReference</string>
			<key>lastKnownFileType</key>
			<string>sourcecode.c.h</string>
			<key>path</key>
			<string>SVProgressHUD.h</string>
			<key>sourceTree</key>
			<string>&lt;group&gt;</string>
		</dict>
		<key>2F00D702149A1BEF00ED2ABB</key>
		<dict>
			<key>fileEncoding</key>
			<string>4</string>
			<key>isa</key>
			<string>PBXFileReference</string>
			<key>lastKnownFileType</key>
			<string>sourcecode.c.objc</string>
			<key>path</key>
			<string>SVProgressHUD.m</string>
			<key>sourceTree</key>
			<string>&lt;group&gt;</string>
		</dict>
		<key>2F00D703149A1BEF00ED2ABB</key>
		<dict>
			<key>fileRef</key>
			<string>2F00D700149A1BEF00ED2ABB</string>
			<key>isa</key>
			<string>PBXBuildFile</string>
		</dict>
		<key>2F00D704149A1BEF00ED2ABB</key>
		<dict>
			<key>fileRef</key>
			<string>2F00D702149A1BEF00ED2ABB</string>
			<key>isa</key>
			<string>PBXBuildFile</string>
			<key>settings</key>
			<dict>
				<key>COMPILER_FLAGS</key>
				<string>-fno-objc-arc</string>
			</dict>
		</dict>
		<key>2F00D73C149A4E0C00ED2ABB</key>
		<dict>
			<key>isa</key>
			<string>PBXFileReference</string>
			<key>lastKnownFileType</key>
			<string>wrapper.framework</string>
			<key>name</key>
			<string>SystemConfiguration.framework</string>
			<key>path</key>
			<string>System/Library/Frameworks/SystemConfiguration.framework</string>
			<key>sourceTree</key>
			<string>SDKROOT</string>
		</dict>
		<key>2F00D73D149A4E0C00ED2ABB</key>
		<dict>
			<key>fileRef</key>
			<string>2F00D73C149A4E0C00ED2ABB</string>
			<key>isa</key>
			<string>PBXBuildFile</string>
		</dict>
		<key>2F1AA6B7149E3BE300807566</key>
		<dict>
			<key>isa</key>
			<string>PBXFileReference</string>
			<key>lastKnownFileType</key>
			<string>image.png</string>
			<key>path</key>
			<string>alarm.png</string>
			<key>sourceTree</key>
			<string>&lt;group&gt;</string>
		</dict>
		<key>2F1AA6B8149E3BE300807566</key>
		<dict>
			<key>isa</key>
			<string>PBXFileReference</string>
			<key>lastKnownFileType</key>
			<string>image.png</string>
			<key>path</key>
			<string>alarm@2x.png</string>
			<key>sourceTree</key>
			<string>&lt;group&gt;</string>
		</dict>
		<key>2F1AA6B9149E3BE300807566</key>
		<dict>
			<key>fileRef</key>
			<string>2F1AA6B7149E3BE300807566</string>
			<key>isa</key>
			<string>PBXBuildFile</string>
		</dict>
		<key>2F1AA6BA149E3BE300807566</key>
		<dict>
			<key>fileRef</key>
			<string>2F1AA6B8149E3BE300807566</string>
			<key>isa</key>
			<string>PBXBuildFile</string>
		</dict>
		<key>2F1E887D148C138200C6F756</key>
		<dict>
			<key>fileEncoding</key>
			<string>4</string>
			<key>isa</key>
			<string>PBXFileReference</string>
			<key>lastKnownFileType</key>
			<string>sourcecode.c.h</string>
			<key>path</key>
			<string>DownloadUrlOperation.h</string>
			<key>sourceTree</key>
			<string>&lt;group&gt;</string>
		</dict>
		<key>2F1E887E148C138200C6F756</key>
		<dict>
			<key>fileEncoding</key>
			<string>4</string>
			<key>isa</key>
			<string>PBXFileReference</string>
			<key>lastKnownFileType</key>
			<string>sourcecode.c.objc</string>
			<key>path</key>
			<string>DownloadUrlOperation.m</string>
			<key>sourceTree</key>
			<string>&lt;group&gt;</string>
		</dict>
		<key>2F1E887F148C138200C6F756</key>
		<dict>
			<key>fileRef</key>
			<string>2F1E887E148C138200C6F756</string>
			<key>isa</key>
			<string>PBXBuildFile</string>
		</dict>
		<key>2F268620149E40BE00960219</key>
		<dict>
			<key>fileEncoding</key>
			<string>4</string>
			<key>isa</key>
			<string>PBXFileReference</string>
			<key>lastKnownFileType</key>
			<string>sourcecode.c.h</string>
			<key>path</key>
			<string>AlarmViewController.h</string>
			<key>sourceTree</key>
			<string>&lt;group&gt;</string>
		</dict>
		<key>2F268621149E40BE00960219</key>
		<dict>
			<key>fileEncoding</key>
			<string>4</string>
			<key>isa</key>
			<string>PBXFileReference</string>
			<key>lastKnownFileType</key>
			<string>sourcecode.c.objc</string>
			<key>path</key>
			<string>AlarmViewController.m</string>
			<key>sourceTree</key>
			<string>&lt;group&gt;</string>
		</dict>
		<key>2F268622149E40BE00960219</key>
		<dict>
			<key>fileRef</key>
			<string>2F268621149E40BE00960219</string>
			<key>isa</key>
			<string>PBXBuildFile</string>
		</dict>
		<key>2F332141148D287600808A62</key>
		<dict>
			<key>fileEncoding</key>
			<string>4</string>
			<key>isa</key>
			<string>PBXFileReference</string>
			<key>lastKnownFileType</key>
			<string>text.xml</string>
			<key>path</key>
			<string>AirlinesDB.xml</string>
			<key>sourceTree</key>
			<string>&lt;group&gt;</string>
		</dict>
		<key>2F332142148D287600808A62</key>
		<dict>
			<key>fileEncoding</key>
			<string>4</string>
			<key>isa</key>
			<string>PBXFileReference</string>
			<key>lastKnownFileType</key>
			<string>text.xml</string>
			<key>path</key>
			<string>AirportsDB.xml</string>
			<key>sourceTree</key>
			<string>&lt;group&gt;</string>
		</dict>
		<key>2F332143148D287600808A62</key>
		<dict>
			<key>fileRef</key>
			<string>2F332141148D287600808A62</string>
			<key>isa</key>
			<string>PBXBuildFile</string>
		</dict>
		<key>2F332144148D287600808A62</key>
		<dict>
			<key>fileRef</key>
			<string>2F332142148D287600808A62</string>
			<key>isa</key>
			<string>PBXBuildFile</string>
		</dict>
		<key>2F3B9325148CAD65000674E7</key>
		<dict>
			<key>fileEncoding</key>
			<string>4</string>
			<key>isa</key>
			<string>PBXFileReference</string>
			<key>lastKnownFileType</key>
			<string>sourcecode.c.h</string>
			<key>path</key>
			<string>DownloadHelper.h</string>
			<key>sourceTree</key>
			<string>&lt;group&gt;</string>
		</dict>
		<key>2F3B9326148CAD65000674E7</key>
		<dict>
			<key>fileEncoding</key>
			<string>4</string>
			<key>isa</key>
			<string>PBXFileReference</string>
			<key>lastKnownFileType</key>
			<string>sourcecode.c.objc</string>
			<key>path</key>
			<string>DownloadHelper.m</string>
			<key>sourceTree</key>
			<string>&lt;group&gt;</string>
		</dict>
		<key>2F3B9327148CAD65000674E7</key>
		<dict>
			<key>fileRef</key>
			<string>2F3B9326148CAD65000674E7</string>
			<key>isa</key>
			<string>PBXBuildFile</string>
		</dict>
		<key>2F41C498149F7BF5004209DD</key>
		<dict>
			<key>fileEncoding</key>
			<string>4</string>
			<key>isa</key>
			<string>PBXFileReference</string>
			<key>lastKnownFileType</key>
			<string>sourcecode.c.h</string>
			<key>path</key>
			<string>NSDate+Formatting.h</string>
			<key>sourceTree</key>
			<string>&lt;group&gt;</string>
		</dict>
		<key>2F41C499149F7BF5004209DD</key>
		<dict>
			<key>fileEncoding</key>
			<string>4</string>
			<key>isa</key>
			<string>PBXFileReference</string>
			<key>lastKnownFileType</key>
			<string>sourcecode.c.objc</string>
			<key>path</key>
			<string>NSDate+Formatting.m</string>
			<key>sourceTree</key>
			<string>&lt;group&gt;</string>
		</dict>
		<key>2F41C49A149F7BF5004209DD</key>
		<dict>
			<key>fileRef</key>
			<string>2F41C499149F7BF5004209DD</string>
			<key>isa</key>
			<string>PBXBuildFile</string>
		</dict>
		<key>2F48B02E14BC51590090D816</key>
		<dict>
			<key>fileEncoding</key>
			<string>4</string>
			<key>isa</key>
			<string>PBXFileReference</string>
			<key>lastKnownFileType</key>
			<string>sourcecode.c.h</string>
			<key>path</key>
			<string>GradientView.h</string>
			<key>sourceTree</key>
			<string>&lt;group&gt;</string>
		</dict>
		<key>2F48B02F14BC51590090D816</key>
		<dict>
			<key>fileEncoding</key>
			<string>4</string>
			<key>isa</key>
			<string>PBXFileReference</string>
			<key>lastKnownFileType</key>
			<string>sourcecode.c.objc</string>
			<key>path</key>
			<string>GradientView.m</string>
			<key>sourceTree</key>
			<string>&lt;group&gt;</string>
		</dict>
		<key>2F48B03014BC51590090D816</key>
		<dict>
			<key>fileRef</key>
			<string>2F48B02F14BC51590090D816</string>
			<key>isa</key>
			<string>PBXBuildFile</string>
		</dict>
		<key>2F48B03614BC51D70090D816</key>
		<dict>
			<key>fileEncoding</key>
			<string>4</string>
			<key>isa</key>
			<string>PBXFileReference</string>
			<key>lastKnownFileType</key>
			<string>sourcecode.c.h</string>
			<key>path</key>
			<string>ShadowedTableView.h</string>
			<key>sourceTree</key>
			<string>&lt;group&gt;</string>
		</dict>
		<key>2F48B03714BC51D70090D816</key>
		<dict>
			<key>fileEncoding</key>
			<string>4</string>
			<key>isa</key>
			<string>PBXFileReference</string>
			<key>lastKnownFileType</key>
			<string>sourcecode.c.objc</string>
			<key>path</key>
			<string>ShadowedTableView.m</string>
			<key>sourceTree</key>
			<string>&lt;group&gt;</string>
		</dict>
		<key>2F48B03814BC51D70090D816</key>
		<dict>
			<key>fileRef</key>
			<string>2F48B03714BC51D70090D816</string>
			<key>isa</key>
			<string>PBXBuildFile</string>
		</dict>
		<key>2F4F5A33148FC7C000506C8E</key>
		<dict>
			<key>isa</key>
			<string>PBXFileReference</string>
			<key>lastKnownFileType</key>
			<string>wrapper.plug-in</string>
			<key>path</key>
			<string>Settings.bundle</string>
			<key>sourceTree</key>
			<string>&lt;group&gt;</string>
		</dict>
		<key>2F4F5A34148FC7C000506C8E</key>
		<dict>
			<key>fileRef</key>
			<string>2F4F5A33148FC7C000506C8E</string>
			<key>isa</key>
			<string>PBXBuildFile</string>
		</dict>
		<key>2F4F5A36148FCCCE00506C8E</key>
		<dict>
			<key>fileEncoding</key>
			<string>4</string>
			<key>isa</key>
			<string>PBXFileReference</string>
			<key>lastKnownFileType</key>
			<string>text.plist.xml</string>
			<key>path</key>
			<string>Defaults.plist</string>
			<key>sourceTree</key>
			<string>&lt;group&gt;</string>
		</dict>
		<key>2F4F5A37148FCCCE00506C8E</key>
		<dict>
			<key>fileRef</key>
			<string>2F4F5A36148FCCCE00506C8E</string>
			<key>isa</key>
			<string>PBXBuildFile</string>
		</dict>
		<key>2F59B017148E01EA00A54C1F</key>
		<dict>
			<key>isa</key>
			<string>PBXFileReference</string>
			<key>lastKnownFileType</key>
			<string>image.png</string>
			<key>path</key>
			<string>Arrive.png</string>
			<key>sourceTree</key>
			<string>&lt;group&gt;</string>
		</dict>
		<key>2F59B018148E01EA00A54C1F</key>
		<dict>
			<key>isa</key>
			<string>PBXFileReference</string>
			<key>lastKnownFileType</key>
			<string>image.png</string>
			<key>path</key>
			<string>Arrive@2x.png</string>
			<key>sourceTree</key>
			<string>&lt;group&gt;</string>
		</dict>
		<key>2F59B019148E01EA00A54C1F</key>
		<dict>
			<key>fileRef</key>
			<string>2F59B017148E01EA00A54C1F</string>
			<key>isa</key>
			<string>PBXBuildFile</string>
		</dict>
		<key>2F59B01A148E01EA00A54C1F</key>
		<dict>
			<key>fileRef</key>
			<string>2F59B018148E01EA00A54C1F</string>
			<key>isa</key>
			<string>PBXBuildFile</string>
		</dict>
		<key>2F59B01B148E026D00A54C1F</key>
		<dict>
			<key>isa</key>
			<string>PBXFileReference</string>
			<key>lastKnownFileType</key>
			<string>image.png</string>
			<key>path</key>
			<string>Departure.png</string>
			<key>sourceTree</key>
			<string>&lt;group&gt;</string>
		</dict>
		<key>2F59B01C148E026D00A54C1F</key>
		<dict>
			<key>isa</key>
			<string>PBXFileReference</string>
			<key>lastKnownFileType</key>
			<string>image.png</string>
			<key>path</key>
			<string>Departure@2x.png</string>
			<key>sourceTree</key>
			<string>&lt;group&gt;</string>
		</dict>
		<key>2F59B01D148E026D00A54C1F</key>
		<dict>
			<key>fileRef</key>
			<string>2F59B01B148E026D00A54C1F</string>
			<key>isa</key>
			<string>PBXBuildFile</string>
		</dict>
		<key>2F59B01E148E026D00A54C1F</key>
		<dict>
			<key>fileRef</key>
			<string>2F59B01C148E026D00A54C1F</string>
			<key>isa</key>
			<string>PBXBuildFile</string>
		</dict>
		<key>2F59B027148E2DAD00A54C1F</key>
		<dict>
			<key>isa</key>
			<string>PBXFileReference</string>
			<key>lastKnownFileType</key>
			<string>image.png</string>
			<key>path</key>
			<string>timeCrossOut.png</string>
			<key>sourceTree</key>
			<string>&lt;group&gt;</string>
		</dict>
		<key>2F59B028148E2DAD00A54C1F</key>
		<dict>
			<key>isa</key>
			<string>PBXFileReference</string>
			<key>lastKnownFileType</key>
			<string>image.png</string>
			<key>path</key>
			<string>timeCrossOut@2x.png</string>
			<key>sourceTree</key>
			<string>&lt;group&gt;</string>
		</dict>
		<key>2F59B029148E2DAD00A54C1F</key>
		<dict>
			<key>fileRef</key>
			<string>2F59B027148E2DAD00A54C1F</string>
			<key>isa</key>
			<string>PBXBuildFile</string>
		</dict>
		<key>2F59B02A148E2DAD00A54C1F</key>
		<dict>
			<key>fileRef</key>
			<string>2F59B028148E2DAD00A54C1F</string>
			<key>isa</key>
			<string>PBXBuildFile</string>
		</dict>
		<key>2F59B02B148E2EC400A54C1F</key>
		<dict>
			<key>isa</key>
			<string>PBXFileReference</string>
			<key>lastKnownFileType</key>
			<string>image.png</string>
			<key>path</key>
			<string>info.png</string>
			<key>sourceTree</key>
			<string>&lt;group&gt;</string>
		</dict>
		<key>2F59B02C148E2EC400A54C1F</key>
		<dict>
			<key>isa</key>
			<string>PBXFileReference</string>
			<key>lastKnownFileType</key>
			<string>image.png</string>
			<key>path</key>
			<string>info@2x.png</string>
			<key>sourceTree</key>
			<string>&lt;group&gt;</string>
		</dict>
		<key>2F59B02D148E2EC400A54C1F</key>
		<dict>
			<key>fileRef</key>
			<string>2F59B02B148E2EC400A54C1F</string>
			<key>isa</key>
			<string>PBXBuildFile</string>
		</dict>
		<key>2F59B02E148E2EC400A54C1F</key>
		<dict>
			<key>fileRef</key>
			<string>2F59B02C148E2EC400A54C1F</string>
			<key>isa</key>
			<string>PBXBuildFile</string>
		</dict>
		<key>2F59B042148E6FCF00A54C1F</key>
		<dict>
			<key>isa</key>
			<string>PBXFileReference</string>
			<key>lastKnownFileType</key>
			<string>image.png</string>
			<key>path</key>
			<string>infoHUD.png</string>
			<key>sourceTree</key>
			<string>&lt;group&gt;</string>
		</dict>
		<key>2F59B043148E6FCF00A54C1F</key>
		<dict>
			<key>fileRef</key>
			<string>2F59B042148E6FCF00A54C1F</string>
			<key>isa</key>
			<string>PBXBuildFile</string>
		</dict>
		<key>2F59B04C148E76DF00A54C1F</key>
		<dict>
			<key>fileEncoding</key>
			<string>4</string>
			<key>isa</key>
			<string>PBXFileReference</string>
			<key>lastKnownFileType</key>
			<string>sourcecode.c.h</string>
			<key>path</key>
			<string>PullToRefreshView.h</string>
			<key>sourceTree</key>
			<string>&lt;group&gt;</string>
		</dict>
		<key>2F59B04D148E76DF00A54C1F</key>
		<dict>
			<key>fileEncoding</key>
			<string>4</string>
			<key>isa</key>
			<string>PBXFileReference</string>
			<key>lastKnownFileType</key>
			<string>sourcecode.c.objc</string>
			<key>path</key>
			<string>PullToRefreshView.m</string>
			<key>sourceTree</key>
			<string>&lt;group&gt;</string>
		</dict>
		<key>2F59B04E148E76DF00A54C1F</key>
		<dict>
			<key>fileRef</key>
			<string>2F59B04D148E76DF00A54C1F</string>
			<key>isa</key>
			<string>PBXBuildFile</string>
			<key>settings</key>
			<dict>
				<key>COMPILER_FLAGS</key>
				<string>-fno-objc-arc</string>
			</dict>
		</dict>
		<key>2F59B04F148E76EA00A54C1F</key>
		<dict>
			<key>isa</key>
			<string>PBXFileReference</string>
			<key>lastKnownFileType</key>
			<string>image.png</string>
			<key>path</key>
			<string>arrow.png</string>
			<key>sourceTree</key>
			<string>&lt;group&gt;</string>
		</dict>
		<key>2F59B050148E76EA00A54C1F</key>
		<dict>
			<key>isa</key>
			<string>PBXFileReference</string>
			<key>lastKnownFileType</key>
			<string>image.png</string>
			<key>path</key>
			<string>arrow@2x.png</string>
			<key>sourceTree</key>
			<string>&lt;group&gt;</string>
		</dict>
		<key>2F59B051148E76EA00A54C1F</key>
		<dict>
			<key>fileRef</key>
			<string>2F59B04F148E76EA00A54C1F</string>
			<key>isa</key>
			<string>PBXBuildFile</string>
		</dict>
		<key>2F59B052148E76EA00A54C1F</key>
		<dict>
			<key>fileRef</key>
			<string>2F59B050148E76EA00A54C1F</string>
			<key>isa</key>
			<string>PBXBuildFile</string>
		</dict>
		<key>2F59B053148E772D00A54C1F</key>
		<dict>
			<key>isa</key>
			<string>PBXFileReference</string>
			<key>lastKnownFileType</key>
			<string>wrapper.framework</string>
			<key>name</key>
			<string>QuartzCore.framework</string>
			<key>path</key>
			<string>System/Library/Frameworks/QuartzCore.framework</string>
			<key>sourceTree</key>
			<string>SDKROOT</string>
		</dict>
		<key>2F59B054148E772D00A54C1F</key>
		<dict>
			<key>fileRef</key>
			<string>2F59B053148E772D00A54C1F</string>
			<key>isa</key>
			<string>PBXBuildFile</string>
		</dict>
		<key>2F67F37C14B470CE0097E2AA</key>
		<dict>
			<key>fileEncoding</key>
			<string>4</string>
			<key>isa</key>
			<string>PBXFileReference</string>
			<key>lastKnownFileType</key>
			<string>sourcecode.c.h</string>
			<key>path</key>
			<string>AboutViewController.h</string>
			<key>sourceTree</key>
			<string>&lt;group&gt;</string>
		</dict>
		<key>2F67F37D14B470CE0097E2AA</key>
		<dict>
			<key>fileEncoding</key>
			<string>4</string>
			<key>isa</key>
			<string>PBXFileReference</string>
			<key>lastKnownFileType</key>
			<string>sourcecode.c.objc</string>
			<key>path</key>
			<string>AboutViewController.m</string>
			<key>sourceTree</key>
			<string>&lt;group&gt;</string>
		</dict>
		<key>2F67F37E14B470CE0097E2AA</key>
		<dict>
			<key>fileRef</key>
			<string>2F67F37D14B470CE0097E2AA</string>
			<key>isa</key>
			<string>PBXBuildFile</string>
		</dict>
		<key>2F73FD9714ADFD1D0076AA08</key>
		<dict>
			<key>isa</key>
			<string>PBXFileReference</string>
			<key>lastKnownFileType</key>
			<string>wrapper.framework</string>
			<key>name</key>
			<string>iAd.framework</string>
			<key>path</key>
			<string>System/Library/Frameworks/iAd.framework</string>
			<key>sourceTree</key>
			<string>SDKROOT</string>
		</dict>
		<key>2F73FD9814ADFD1D0076AA08</key>
		<dict>
			<key>fileRef</key>
			<string>2F73FD9714ADFD1D0076AA08</string>
			<key>isa</key>
			<string>PBXBuildFile</string>
		</dict>
		<key>2F75ED5C149936BB00D49526</key>
		<dict>
			<key>fileRef</key>
			<string>2F75ED5E149936BB00D49526</string>
			<key>isa</key>
			<string>PBXBuildFile</string>
		</dict>
		<key>2F75ED5E149936BB00D49526</key>
		<dict>
			<key>children</key>
			<array>
				<string>D0B3DD53164A89AB00225C20</string>
				<string>D0D24753164A936300EA8401</string>
				<string>D0D24754164A937000EA8401</string>
				<string>D0A6BD6D164AAAB7000CE203</string>
			</array>
			<key>isa</key>
			<string>PBXVariantGroup</string>
			<key>name</key>
			<string>iPhone.storyboard</string>
			<key>sourceTree</key>
			<string>&lt;group&gt;</string>
		</dict>
		<key>2F7DAEFD149A859400E64A36</key>
		<dict>
			<key>isa</key>
			<string>PBXFileReference</string>
			<key>lastKnownFileType</key>
			<string>image.png</string>
			<key>path</key>
			<string>Default@2x.png</string>
			<key>sourceTree</key>
			<string>&lt;group&gt;</string>
		</dict>
		<key>2F7DAF00149A859700E64A36</key>
		<dict>
			<key>isa</key>
			<string>PBXFileReference</string>
			<key>lastKnownFileType</key>
			<string>image.png</string>
			<key>path</key>
			<string>Default.png</string>
			<key>sourceTree</key>
			<string>&lt;group&gt;</string>
		</dict>
		<key>2F8A6C891493DAEF0025B41B</key>
		<dict>
			<key>isa</key>
			<string>PBXFileReference</string>
			<key>lastKnownFileType</key>
			<string>wrapper.framework</string>
			<key>name</key>
			<string>Twitter.framework</string>
			<key>path</key>
			<string>System/Library/Frameworks/Twitter.framework</string>
			<key>sourceTree</key>
			<string>SDKROOT</string>
		</dict>
		<key>2F8A6C8A1493DAF00025B41B</key>
		<dict>
			<key>fileRef</key>
			<string>2F8A6C891493DAEF0025B41B</string>
			<key>isa</key>
			<string>PBXBuildFile</string>
		</dict>
		<key>2F8FC59C1494BD7E003A95AB</key>
		<dict>
			<key>isa</key>
			<string>PBXFileReference</string>
			<key>lastKnownFileType</key>
			<string>wrapper.framework</string>
			<key>name</key>
			<string>Security.framework</string>
			<key>path</key>
			<string>System/Library/Frameworks/Security.framework</string>
			<key>sourceTree</key>
			<string>SDKROOT</string>
		</dict>
		<key>2F8FC59E1494BF24003A95AB</key>
		<dict>
			<key>isa</key>
			<string>PBXFileReference</string>
			<key>lastKnownFileType</key>
			<string>text.xml</string>
			<key>path</key>
			<string>Flylista.entitlements</string>
			<key>sourceTree</key>
			<string>&lt;group&gt;</string>
		</dict>
		<key>2F9273A0149A7B830065B464</key>
		<dict>
			<key>isa</key>
			<string>PBXFileReference</string>
			<key>lastKnownFileType</key>
			<string>image.png</string>
			<key>path</key>
			<string>mail.png</string>
			<key>sourceTree</key>
			<string>&lt;group&gt;</string>
		</dict>
		<key>2F9273A1149A7B830065B464</key>
		<dict>
			<key>isa</key>
			<string>PBXFileReference</string>
			<key>lastKnownFileType</key>
			<string>image.png</string>
			<key>path</key>
			<string>mail@2x.png</string>
			<key>sourceTree</key>
			<string>&lt;group&gt;</string>
		</dict>
		<key>2F9273A2149A7B830065B464</key>
		<dict>
			<key>fileRef</key>
			<string>2F9273A0149A7B830065B464</string>
			<key>isa</key>
			<string>PBXBuildFile</string>
		</dict>
		<key>2F9273A3149A7B830065B464</key>
		<dict>
			<key>fileRef</key>
			<string>2F9273A1149A7B830065B464</string>
			<key>isa</key>
			<string>PBXBuildFile</string>
		</dict>
		<key>2F9569F6148BD1DA00549814</key>
		<dict>
			<key>children</key>
			<array>
				<string>D0A6BD79164AB611000CE203</string>
				<string>D0A6BD77164AB60D000CE203</string>
				<string>D0A9F9C4164946F0000D0CF7</string>
				<string>D0A9F9C2164946EB000D0CF7</string>
				<string>D0A9F9B6164942E5000D0CF7</string>
				<string>D0A9F9AD1649423E000D0CF7</string>
				<string>D0A9F9A8164936D9000D0CF7</string>
				<string>D0A9F9A6164936B3000D0CF7</string>
				<string>D05F91A514DC0292007A51CC</string>
				<string>D05F91A314DC028F007A51CC</string>
				<string>2F7DAF00149A859700E64A36</string>
				<string>2F7DAEFD149A859400E64A36</string>
				<string>2F956A0B148BD1DB00549814</string>
				<string>2F956A04148BD1DB00549814</string>
				<string>2F956A02148BD1DB00549814</string>
				<string>68289E97C8BC422FA12788D1</string>
			</array>
			<key>isa</key>
			<string>PBXGroup</string>
			<key>sourceTree</key>
			<string>&lt;group&gt;</string>
		</dict>
		<key>2F9569F8148BD1DA00549814</key>
		<dict>
			<key>attributes</key>
			<dict>
				<key>LastUpgradeCheck</key>
				<string>0450</string>
			</dict>
			<key>buildConfigurationList</key>
			<string>2F9569FB148BD1DA00549814</string>
			<key>compatibilityVersion</key>
			<string>Xcode 3.2</string>
			<key>developmentRegion</key>
			<string>English</string>
			<key>hasScannedForEncodings</key>
			<string>0</string>
			<key>isa</key>
			<string>PBXProject</string>
			<key>knownRegions</key>
			<array>
				<string>en</string>
				<string>nb</string>
				<string>nb-NO</string>
				<string>ru</string>
				<string>de</string>
				<string>Base</string>
			</array>
			<key>mainGroup</key>
			<string>2F9569F6148BD1DA00549814</string>
			<key>productRefGroup</key>
			<string>2F956A02148BD1DB00549814</string>
			<key>projectDirPath</key>
			<string></string>
			<key>projectReferences</key>
			<array/>
			<key>projectRoot</key>
			<string></string>
			<key>targets</key>
			<array>
				<string>2F956A00148BD1DB00549814</string>
			</array>
		</dict>
		<key>2F9569FB148BD1DA00549814</key>
		<dict>
			<key>buildConfigurations</key>
			<array>
				<string>2F956A23148BD1DB00549814</string>
				<string>2F956A24148BD1DB00549814</string>
			</array>
			<key>defaultConfigurationIsVisible</key>
			<string>0</string>
			<key>defaultConfigurationName</key>
			<string>Release</string>
			<key>isa</key>
			<string>XCConfigurationList</string>
		</dict>
		<key>2F9569FD148BD1DB00549814</key>
		<dict>
			<key>buildActionMask</key>
			<string>2147483647</string>
			<key>files</key>
			<array>
				<string>2F956A12148BD1DB00549814</string>
				<string>2F956A16148BD1DB00549814</string>
				<string>2F956A1F148BD1DB00549814</string>
				<string>2F956A22148BD1DB00549814</string>
				<string>2F956A37148BD4C800549814</string>
				<string>2F956A3C148BD6E300549814</string>
				<string>2F956A43148BDF6600549814</string>
				<string>2F956A50148BE82D00549814</string>
				<string>2F1E887F148C138200C6F756</string>
				<string>2F3B9327148CAD65000674E7</string>
				<string>2F59B04E148E76DF00A54C1F</string>
				<string>2F00D704149A1BEF00ED2ABB</string>
				<string>2F268622149E40BE00960219</string>
				<string>2F41C49A149F7BF5004209DD</string>
				<string>2F67F37E14B470CE0097E2AA</string>
				<string>2F48B03014BC51590090D816</string>
				<string>2F48B03814BC51D70090D816</string>
				<string>D063C0B314DEBCA900C3FD02</string>
				<string>D063C0B714DEBD2A00C3FD02</string>
				<string>D0A9F9AC16493989000D0CF7</string>
				<string>D02A53F31649A91600A5B568</string>
				<string>D02A53F41649A91600A5B568</string>
				<string>D02A53F51649A91600A5B568</string>
				<string>D02A53F61649A91600A5B568</string>
				<string>D02A53F71649A91600A5B568</string>
				<string>D02A53F81649A91600A5B568</string>
				<string>D02A53F91649A91600A5B568</string>
				<string>D02A53FA1649A91600A5B568</string>
				<string>D02A53FB1649A91600A5B568</string>
				<string>D02A53FE1649AA6F00A5B568</string>
				<string>D02A54011649B9A300A5B568</string>
			</array>
			<key>isa</key>
			<string>PBXSourcesBuildPhase</string>
			<key>runOnlyForDeploymentPostprocessing</key>
			<string>0</string>
		</dict>
		<key>2F9569FE148BD1DB00549814</key>
		<dict>
			<key>buildActionMask</key>
			<string>2147483647</string>
			<key>files</key>
			<array>
				<string>D0A9F9B7164942E5000D0CF7</string>
				<string>D0A9F9A7164936B3000D0CF7</string>
				<string>D0A9F9A9164936D9000D0CF7</string>
				<string>D0B216AC14DAA91B00719932</string>
				<string>D076E69914DAB92F004B79B4</string>
				<string>D0B216AF14DAA93F00719932</string>
				<string>D0B216AE14DAA92300719932</string>
				<string>D0B216A814DAA81500719932</string>
				<string>D0B216A614DAA80500719932</string>
				<string>D0B216A214DAA79800719932</string>
				<string>D0B216A014DAA78E00719932</string>
				<string>2F73FD9814ADFD1D0076AA08</string>
				<string>2F00D73D149A4E0C00ED2ABB</string>
				<string>2F00D6FE149A0E5D00ED2ABB</string>
				<string>2F8A6C8A1493DAF00025B41B</string>
				<string>2F59B054148E772D00A54C1F</string>
				<string>2F956A06148BD1DB00549814</string>
				<string>2F956A08148BD1DB00549814</string>
				<string>2F956A0A148BD1DB00549814</string>
				<string>D0A9F99A16493685000D0CF7</string>
				<string>D0A9F9A516493694000D0CF7</string>
				<string>D0A9F9B5164942BB000D0CF7</string>
				<string>80C8E334731B4B698536353A</string>
			</array>
			<key>isa</key>
			<string>PBXFrameworksBuildPhase</string>
			<key>runOnlyForDeploymentPostprocessing</key>
			<string>0</string>
		</dict>
		<key>2F9569FF148BD1DB00549814</key>
		<dict>
			<key>buildActionMask</key>
			<string>2147483647</string>
			<key>files</key>
			<array>
				<string>2F956A10148BD1DB00549814</string>
				<string>2F75ED5C149936BB00D49526</string>
				<string>2FFC928B148CC66800F19E8F</string>
				<string>2F332143148D287600808A62</string>
				<string>2F332144148D287600808A62</string>
				<string>2F59B019148E01EA00A54C1F</string>
				<string>2F59B01A148E01EA00A54C1F</string>
				<string>2F59B01D148E026D00A54C1F</string>
				<string>2F59B01E148E026D00A54C1F</string>
				<string>2F59B029148E2DAD00A54C1F</string>
				<string>2F59B02A148E2DAD00A54C1F</string>
				<string>2F59B02D148E2EC400A54C1F</string>
				<string>2F59B02E148E2EC400A54C1F</string>
				<string>2F59B043148E6FCF00A54C1F</string>
				<string>2F59B051148E76EA00A54C1F</string>
				<string>2F59B052148E76EA00A54C1F</string>
				<string>2F4F5A34148FC7C000506C8E</string>
				<string>2F4F5A37148FCCCE00506C8E</string>
				<string>2F00D703149A1BEF00ED2ABB</string>
				<string>2F9273A2149A7B830065B464</string>
				<string>2F9273A3149A7B830065B464</string>
				<string>2F1AA6B9149E3BE300807566</string>
				<string>2F1AA6BA149E3BE300807566</string>
				<string>2FC35E1014B4DE4400D90E17</string>
				<string>D05F91A414DC028F007A51CC</string>
				<string>D05F91A614DC0292007A51CC</string>
				<string>D0A9F9AE1649423E000D0CF7</string>
				<string>D0A6BD6E164AAAE0000CE203</string>
				<string>D0A9F9C3164946EB000D0CF7</string>
				<string>D0A9F9C5164946F0000D0CF7</string>
				<string>D02A53D31649A81400A5B568</string>
				<string>D02A53D41649A81400A5B568</string>
				<string>D02A53D81649A8AC00A5B568</string>
				<string>D02A53D91649A8AC00A5B568</string>
				<string>D0A6BD7B164AC027000CE203</string>
				<string>D0A6BD7C164AC02D000CE203</string>
				<string>D0A6BD7D164AC035000CE203</string>
				<string>D0A6BD7E164AC03A000CE203</string>
			</array>
			<key>isa</key>
			<string>PBXResourcesBuildPhase</string>
			<key>runOnlyForDeploymentPostprocessing</key>
			<string>0</string>
		</dict>
		<key>2F956A00148BD1DB00549814</key>
		<dict>
			<key>buildConfigurationList</key>
			<string>2F956A25148BD1DB00549814</string>
			<key>buildPhases</key>
			<array>
				<string>2F9569FD148BD1DB00549814</string>
				<string>2F9569FE148BD1DB00549814</string>
				<string>2F9569FF148BD1DB00549814</string>
				<string>B9A77C77514B4735AD1EB721</string>
			</array>
			<key>buildRules</key>
			<array/>
			<key>dependencies</key>
			<array/>
			<key>isa</key>
			<string>PBXNativeTarget</string>
			<key>name</key>
			<string>Flylista</string>
			<key>productName</key>
			<string>Flylista</string>
			<key>productReference</key>
			<string>2F956A01148BD1DB00549814</string>
			<key>productType</key>
			<string>com.apple.product-type.application</string>
		</dict>
		<key>2F956A01148BD1DB00549814</key>
		<dict>
			<key>explicitFileType</key>
			<string>wrapper.application</string>
			<key>includeInIndex</key>
			<string>0</string>
			<key>isa</key>
			<string>PBXFileReference</string>
			<key>path</key>
			<string>Flylista.app</string>
			<key>sourceTree</key>
			<string>BUILT_PRODUCTS_DIR</string>
		</dict>
		<key>2F956A02148BD1DB00549814</key>
		<dict>
			<key>children</key>
			<array>
				<string>2F956A01148BD1DB00549814</string>
			</array>
			<key>isa</key>
			<string>PBXGroup</string>
			<key>name</key>
			<string>Products</string>
			<key>sourceTree</key>
			<string>&lt;group&gt;</string>
		</dict>
		<key>2F956A04148BD1DB00549814</key>
		<dict>
			<key>children</key>
			<array>
				<string>D0B216AD14DAA92300719932</string>
				<string>D0B216AB14DAA91B00719932</string>
				<string>D0B216A914DAA83B00719932</string>
				<string>D0B216A714DAA81500719932</string>
				<string>D0B216A514DAA80500719932</string>
				<string>D0B216A114DAA79800719932</string>
				<string>D0B2169F14DAA78E00719932</string>
				<string>2F73FD9714ADFD1D0076AA08</string>
				<string>2F00D73C149A4E0C00ED2ABB</string>
				<string>2F00D6FD149A0E5D00ED2ABB</string>
				<string>2F8FC59C1494BD7E003A95AB</string>
				<string>2F8A6C891493DAEF0025B41B</string>
				<string>2F59B053148E772D00A54C1F</string>
				<string>2F956A05148BD1DB00549814</string>
				<string>2F956A07148BD1DB00549814</string>
				<string>2F956A09148BD1DB00549814</string>
				<string>9943D50854D042218AF9E5D9</string>
			</array>
			<key>isa</key>
			<string>PBXGroup</string>
			<key>name</key>
			<string>Frameworks</string>
			<key>sourceTree</key>
			<string>&lt;group&gt;</string>
		</dict>
		<key>2F956A05148BD1DB00549814</key>
		<dict>
			<key>isa</key>
			<string>PBXFileReference</string>
			<key>lastKnownFileType</key>
			<string>wrapper.framework</string>
			<key>name</key>
			<string>UIKit.framework</string>
			<key>path</key>
			<string>System/Library/Frameworks/UIKit.framework</string>
			<key>sourceTree</key>
			<string>SDKROOT</string>
		</dict>
		<key>2F956A06148BD1DB00549814</key>
		<dict>
			<key>fileRef</key>
			<string>2F956A05148BD1DB00549814</string>
			<key>isa</key>
			<string>PBXBuildFile</string>
		</dict>
		<key>2F956A07148BD1DB00549814</key>
		<dict>
			<key>isa</key>
			<string>PBXFileReference</string>
			<key>lastKnownFileType</key>
			<string>wrapper.framework</string>
			<key>name</key>
			<string>Foundation.framework</string>
			<key>path</key>
			<string>System/Library/Frameworks/Foundation.framework</string>
			<key>sourceTree</key>
			<string>SDKROOT</string>
		</dict>
		<key>2F956A08148BD1DB00549814</key>
		<dict>
			<key>fileRef</key>
			<string>2F956A07148BD1DB00549814</string>
			<key>isa</key>
			<string>PBXBuildFile</string>
		</dict>
		<key>2F956A09148BD1DB00549814</key>
		<dict>
			<key>isa</key>
			<string>PBXFileReference</string>
			<key>lastKnownFileType</key>
			<string>wrapper.framework</string>
			<key>name</key>
			<string>CoreGraphics.framework</string>
			<key>path</key>
			<string>System/Library/Frameworks/CoreGraphics.framework</string>
			<key>sourceTree</key>
			<string>SDKROOT</string>
		</dict>
		<key>2F956A0A148BD1DB00549814</key>
		<dict>
			<key>fileRef</key>
			<string>2F956A09148BD1DB00549814</string>
			<key>isa</key>
			<string>PBXBuildFile</string>
		</dict>
		<key>2F956A0B148BD1DB00549814</key>
		<dict>
			<key>children</key>
			<array>
				<string>2F8FC59E1494BF24003A95AB</string>
				<string>2F956A14148BD1DB00549814</string>
				<string>2F956A15148BD1DB00549814</string>
				<string>D0A6BD70164AAAE0000CE203</string>
				<string>2F75ED5E149936BB00D49526</string>
				<string>2F956A35148BD4C800549814</string>
				<string>2F956A36148BD4C800549814</string>
				<string>2F956A1D148BD1DB00549814</string>
				<string>2F956A1E148BD1DB00549814</string>
				<string>2F956A20148BD1DB00549814</string>
				<string>2F956A21148BD1DB00549814</string>
				<string>2F268620149E40BE00960219</string>
				<string>2F268621149E40BE00960219</string>
				<string>2F956A3A148BD6E300549814</string>
				<string>2F956A3B148BD6E300549814</string>
				<string>2F67F37C14B470CE0097E2AA</string>
				<string>2F67F37D14B470CE0097E2AA</string>
				<string>D02A53FC1649AA6F00A5B568</string>
				<string>D02A53FD1649AA6F00A5B568</string>
				<string>D02A53FF1649B9A200A5B568</string>
				<string>D02A54001649B9A200A5B568</string>
				<string>2F956A51148BE86100549814</string>
				<string>2F956A5F148C066800549814</string>
				<string>2F956A60148C06F300549814</string>
				<string>2F956A0C148BD1DB00549814</string>
			</array>
			<key>isa</key>
			<string>PBXGroup</string>
			<key>path</key>
			<string>Flylista</string>
			<key>sourceTree</key>
			<string>&lt;group&gt;</string>
		</dict>
		<key>2F956A0C148BD1DB00549814</key>
		<dict>
			<key>children</key>
			<array>
				<string>2F956A0D148BD1DB00549814</string>
				<string>2F956A0E148BD1DB00549814</string>
				<string>2F956A11148BD1DB00549814</string>
				<string>2F956A13148BD1DB00549814</string>
			</array>
			<key>isa</key>
			<string>PBXGroup</string>
			<key>name</key>
			<string>Supporting Files</string>
			<key>sourceTree</key>
			<string>&lt;group&gt;</string>
		</dict>
		<key>2F956A0D148BD1DB00549814</key>
		<dict>
			<key>isa</key>
			<string>PBXFileReference</string>
			<key>lastKnownFileType</key>
			<string>text.plist.xml</string>
			<key>path</key>
			<string>Flylista-Info.plist</string>
			<key>sourceTree</key>
			<string>&lt;group&gt;</string>
		</dict>
		<key>2F956A0E148BD1DB00549814</key>
		<dict>
			<key>children</key>
			<array>
				<string>2F956A0F148BD1DB00549814</string>
			</array>
			<key>isa</key>
			<string>PBXVariantGroup</string>
			<key>name</key>
			<string>InfoPlist.strings</string>
			<key>sourceTree</key>
			<string>&lt;group&gt;</string>
		</dict>
		<key>2F956A0F148BD1DB00549814</key>
		<dict>
			<key>isa</key>
			<string>PBXFileReference</string>
			<key>lastKnownFileType</key>
			<string>text.plist.strings</string>
			<key>name</key>
			<string>en</string>
			<key>path</key>
			<string>en.lproj/InfoPlist.strings</string>
			<key>sourceTree</key>
			<string>&lt;group&gt;</string>
		</dict>
		<key>2F956A10148BD1DB00549814</key>
		<dict>
			<key>fileRef</key>
			<string>2F956A0E148BD1DB00549814</string>
			<key>isa</key>
			<string>PBXBuildFile</string>
		</dict>
		<key>2F956A11148BD1DB00549814</key>
		<dict>
			<key>isa</key>
			<string>PBXFileReference</string>
			<key>lastKnownFileType</key>
			<string>sourcecode.c.objc</string>
			<key>path</key>
			<string>main.m</string>
			<key>sourceTree</key>
			<string>&lt;group&gt;</string>
		</dict>
		<key>2F956A12148BD1DB00549814</key>
		<dict>
			<key>fileRef</key>
			<string>2F956A11148BD1DB00549814</string>
			<key>isa</key>
			<string>PBXBuildFile</string>
		</dict>
		<key>2F956A13148BD1DB00549814</key>
		<dict>
			<key>isa</key>
			<string>PBXFileReference</string>
			<key>lastKnownFileType</key>
			<string>sourcecode.c.h</string>
			<key>path</key>
			<string>Flylista-Prefix.pch</string>
			<key>sourceTree</key>
			<string>&lt;group&gt;</string>
		</dict>
		<key>2F956A14148BD1DB00549814</key>
		<dict>
			<key>isa</key>
			<string>PBXFileReference</string>
			<key>lastKnownFileType</key>
			<string>sourcecode.c.h</string>
			<key>path</key>
			<string>AppDelegate.h</string>
			<key>sourceTree</key>
			<string>&lt;group&gt;</string>
		</dict>
		<key>2F956A15148BD1DB00549814</key>
		<dict>
			<key>isa</key>
			<string>PBXFileReference</string>
			<key>lastKnownFileType</key>
			<string>sourcecode.c.objc</string>
			<key>path</key>
			<string>AppDelegate.m</string>
			<key>sourceTree</key>
			<string>&lt;group&gt;</string>
		</dict>
		<key>2F956A16148BD1DB00549814</key>
		<dict>
			<key>fileRef</key>
			<string>2F956A15148BD1DB00549814</string>
			<key>isa</key>
			<string>PBXBuildFile</string>
		</dict>
		<key>2F956A1D148BD1DB00549814</key>
		<dict>
			<key>isa</key>
			<string>PBXFileReference</string>
			<key>lastKnownFileType</key>
			<string>sourcecode.c.h</string>
			<key>path</key>
			<string>FlightsViewController.h</string>
			<key>sourceTree</key>
			<string>&lt;group&gt;</string>
		</dict>
		<key>2F956A1E148BD1DB00549814</key>
		<dict>
			<key>isa</key>
			<string>PBXFileReference</string>
			<key>lastKnownFileType</key>
			<string>sourcecode.c.objc</string>
			<key>path</key>
			<string>FlightsViewController.m</string>
			<key>sourceTree</key>
			<string>&lt;group&gt;</string>
		</dict>
		<key>2F956A1F148BD1DB00549814</key>
		<dict>
			<key>fileRef</key>
			<string>2F956A1E148BD1DB00549814</string>
			<key>isa</key>
			<string>PBXBuildFile</string>
		</dict>
		<key>2F956A20148BD1DB00549814</key>
		<dict>
			<key>isa</key>
			<string>PBXFileReference</string>
			<key>lastKnownFileType</key>
			<string>sourcecode.c.h</string>
			<key>path</key>
			<string>FlightViewController.h</string>
			<key>sourceTree</key>
			<string>&lt;group&gt;</string>
		</dict>
		<key>2F956A21148BD1DB00549814</key>
		<dict>
			<key>isa</key>
			<string>PBXFileReference</string>
			<key>lastKnownFileType</key>
			<string>sourcecode.c.objc</string>
			<key>path</key>
			<string>FlightViewController.m</string>
			<key>sourceTree</key>
			<string>&lt;group&gt;</string>
		</dict>
		<key>2F956A22148BD1DB00549814</key>
		<dict>
			<key>fileRef</key>
			<string>2F956A21148BD1DB00549814</string>
			<key>isa</key>
			<string>PBXBuildFile</string>
		</dict>
		<key>2F956A23148BD1DB00549814</key>
		<dict>
			<key>buildSettings</key>
			<dict>
				<key>ALWAYS_SEARCH_USER_PATHS</key>
				<string>NO</string>
				<key>ARCHS</key>
				<string>$(ARCHS_STANDARD_32_BIT)</string>
				<key>CLANG_ENABLE_OBJC_ARC</key>
				<string>YES</string>
				<key>CODE_SIGN_IDENTITY</key>
				<string>iPhone Developer: Dmitry Shmidt (8XQH974AWP)</string>
				<key>CODE_SIGN_IDENTITY[sdk=iphoneos*]</key>
				<string>iPhone Developer: Dmitry Shmidt (8XQH974AWP)</string>
				<key>COPY_PHASE_STRIP</key>
				<string>NO</string>
				<key>GCC_C_LANGUAGE_STANDARD</key>
				<string>gnu99</string>
				<key>GCC_DYNAMIC_NO_PIC</key>
				<string>NO</string>
				<key>GCC_OPTIMIZATION_LEVEL</key>
				<string>0</string>
				<key>GCC_PREPROCESSOR_DEFINITIONS</key>
				<array>
					<string>DEBUG=1</string>
					<string>$(inherited)</string>
				</array>
				<key>GCC_SYMBOLS_PRIVATE_EXTERN</key>
				<string>NO</string>
				<key>GCC_VERSION</key>
				<string>com.apple.compilers.llvm.clang.1_0</string>
				<key>GCC_WARN_ABOUT_MISSING_PROTOTYPES</key>
				<string>YES</string>
				<key>GCC_WARN_ABOUT_RETURN_TYPE</key>
				<string>YES</string>
				<key>GCC_WARN_UNUSED_VARIABLE</key>
				<string>YES</string>
				<key>IPHONEOS_DEPLOYMENT_TARGET</key>
				<string>6.0</string>
				<key>PROVISIONING_PROFILE</key>
				<string>503BAF32-71EB-4763-9CF5-DFEAE9876472</string>
				<key>PROVISIONING_PROFILE[sdk=iphoneos*]</key>
				<string>503BAF32-71EB-4763-9CF5-DFEAE9876472</string>
				<key>SDKROOT</key>
				<string>iphoneos</string>
				<key>TARGETED_DEVICE_FAMILY</key>
				<string>1,2</string>
			</dict>
			<key>isa</key>
			<string>XCBuildConfiguration</string>
			<key>name</key>
			<string>Debug</string>
		</dict>
		<key>2F956A24148BD1DB00549814</key>
		<dict>
			<key>buildSettings</key>
			<dict>
				<key>ALWAYS_SEARCH_USER_PATHS</key>
				<string>NO</string>
				<key>ARCHS</key>
				<string>$(ARCHS_STANDARD_32_BIT)</string>
				<key>CLANG_ENABLE_OBJC_ARC</key>
				<string>YES</string>
				<key>CODE_SIGN_IDENTITY</key>
				<string>iPhone Distribution: Dmitry Shmidt</string>
				<key>CODE_SIGN_IDENTITY[sdk=iphoneos*]</key>
				<string>iPhone Distribution: Dmitry Shmidt</string>
				<key>COPY_PHASE_STRIP</key>
				<string>YES</string>
				<key>GCC_C_LANGUAGE_STANDARD</key>
				<string>gnu99</string>
				<key>GCC_VERSION</key>
				<string>com.apple.compilers.llvm.clang.1_0</string>
				<key>GCC_WARN_ABOUT_MISSING_PROTOTYPES</key>
				<string>YES</string>
				<key>GCC_WARN_ABOUT_RETURN_TYPE</key>
				<string>YES</string>
				<key>GCC_WARN_UNUSED_VARIABLE</key>
				<string>YES</string>
				<key>IPHONEOS_DEPLOYMENT_TARGET</key>
				<string>6.0</string>
				<key>OTHER_CFLAGS</key>
				<string>-DNS_BLOCK_ASSERTIONS=1</string>
				<key>PROVISIONING_PROFILE</key>
				<string>EC912A15-9E79-4C8B-A98A-66DB4B9EE0BA</string>
				<key>PROVISIONING_PROFILE[sdk=iphoneos*]</key>
				<string>EC912A15-9E79-4C8B-A98A-66DB4B9EE0BA</string>
				<key>SDKROOT</key>
				<string>iphoneos</string>
				<key>TARGETED_DEVICE_FAMILY</key>
				<string>1,2</string>
				<key>VALIDATE_PRODUCT</key>
				<string>YES</string>
			</dict>
			<key>isa</key>
			<string>XCBuildConfiguration</string>
			<key>name</key>
			<string>Release</string>
		</dict>
		<key>2F956A25148BD1DB00549814</key>
		<dict>
			<key>buildConfigurations</key>
			<array>
				<string>2F956A26148BD1DB00549814</string>
				<string>2F956A27148BD1DB00549814</string>
			</array>
			<key>defaultConfigurationIsVisible</key>
			<string>0</string>
			<key>defaultConfigurationName</key>
			<string>Release</string>
			<key>isa</key>
			<string>XCConfigurationList</string>
		</dict>
		<key>2F956A26148BD1DB00549814</key>
		<dict>
			<key>baseConfigurationReference</key>
			<string>68289E97C8BC422FA12788D1</string>
			<key>buildSettings</key>
			<dict>
				<key>CODE_SIGN_ENTITLEMENTS</key>
				<string>Flylista/Flylista.entitlements</string>
				<key>GCC_PRECOMPILE_PREFIX_HEADER</key>
				<string>YES</string>
				<key>GCC_PREFIX_HEADER</key>
				<string>Flylista/Flylista-Prefix.pch</string>
				<key>INFOPLIST_FILE</key>
				<string>Flylista/Flylista-Info.plist</string>
				<key>IPHONEOS_DEPLOYMENT_TARGET</key>
				<string>6.0</string>
				<key>LIBRARY_SEARCH_PATHS</key>
				<array>
					<string>$(inherited)</string>
					<string>"$(SRCROOT)/Flylista"</string>
				</array>
				<key>PRODUCT_NAME</key>
				<string>$(TARGET_NAME)</string>
				<key>TARGETED_DEVICE_FAMILY</key>
				<string>1,2</string>
				<key>VALID_ARCHS</key>
				<string>armv7</string>
				<key>WRAPPER_EXTENSION</key>
				<string>app</string>
			</dict>
			<key>isa</key>
			<string>XCBuildConfiguration</string>
			<key>name</key>
			<string>Debug</string>
		</dict>
		<key>2F956A27148BD1DB00549814</key>
		<dict>
			<key>baseConfigurationReference</key>
			<string>68289E97C8BC422FA12788D1</string>
			<key>buildSettings</key>
			<dict>
				<key>CODE_SIGN_ENTITLEMENTS</key>
				<string>Flylista/Flylista.entitlements</string>
				<key>GCC_PRECOMPILE_PREFIX_HEADER</key>
				<string>YES</string>
				<key>GCC_PREFIX_HEADER</key>
				<string>Flylista/Flylista-Prefix.pch</string>
				<key>INFOPLIST_FILE</key>
				<string>Flylista/Flylista-Info.plist</string>
				<key>IPHONEOS_DEPLOYMENT_TARGET</key>
				<string>6.0</string>
				<key>LIBRARY_SEARCH_PATHS</key>
				<array>
					<string>$(inherited)</string>
					<string>"$(SRCROOT)/Flylista"</string>
				</array>
				<key>PRODUCT_NAME</key>
				<string>$(TARGET_NAME)</string>
				<key>TARGETED_DEVICE_FAMILY</key>
				<string>1,2</string>
				<key>VALID_ARCHS</key>
				<string>armv7</string>
				<key>WRAPPER_EXTENSION</key>
				<string>app</string>
			</dict>
			<key>isa</key>
			<string>XCBuildConfiguration</string>
			<key>name</key>
			<string>Release</string>
		</dict>
		<key>2F956A35148BD4C800549814</key>
		<dict>
			<key>fileEncoding</key>
			<string>4</string>
			<key>isa</key>
			<string>PBXFileReference</string>
			<key>lastKnownFileType</key>
			<string>sourcecode.c.h</string>
			<key>path</key>
			<string>FlightTableViewCell.h</string>
			<key>sourceTree</key>
			<string>&lt;group&gt;</string>
		</dict>
		<key>2F956A36148BD4C800549814</key>
		<dict>
			<key>fileEncoding</key>
			<string>4</string>
			<key>isa</key>
			<string>PBXFileReference</string>
			<key>lastKnownFileType</key>
			<string>sourcecode.c.objc</string>
			<key>path</key>
			<string>FlightTableViewCell.m</string>
			<key>sourceTree</key>
			<string>&lt;group&gt;</string>
		</dict>
		<key>2F956A37148BD4C800549814</key>
		<dict>
			<key>fileRef</key>
			<string>2F956A36148BD4C800549814</string>
			<key>isa</key>
			<string>PBXBuildFile</string>
		</dict>
		<key>2F956A3A148BD6E300549814</key>
		<dict>
			<key>fileEncoding</key>
			<string>4</string>
			<key>isa</key>
			<string>PBXFileReference</string>
			<key>lastKnownFileType</key>
			<string>sourcecode.c.h</string>
			<key>path</key>
			<string>AirportsListViewController.h</string>
			<key>sourceTree</key>
			<string>&lt;group&gt;</string>
		</dict>
		<key>2F956A3B148BD6E300549814</key>
		<dict>
			<key>fileEncoding</key>
			<string>4</string>
			<key>isa</key>
			<string>PBXFileReference</string>
			<key>lastKnownFileType</key>
			<string>sourcecode.c.objc</string>
			<key>path</key>
			<string>AirportsListViewController.m</string>
			<key>sourceTree</key>
			<string>&lt;group&gt;</string>
		</dict>
		<key>2F956A3C148BD6E300549814</key>
		<dict>
			<key>fileRef</key>
			<string>2F956A3B148BD6E300549814</string>
			<key>isa</key>
			<string>PBXBuildFile</string>
		</dict>
		<key>2F956A41148BDF6600549814</key>
		<dict>
			<key>fileEncoding</key>
			<string>4</string>
			<key>isa</key>
			<string>PBXFileReference</string>
			<key>lastKnownFileType</key>
			<string>sourcecode.c.h</string>
			<key>path</key>
			<string>Flight.h</string>
			<key>sourceTree</key>
			<string>&lt;group&gt;</string>
		</dict>
		<key>2F956A42148BDF6600549814</key>
		<dict>
			<key>fileEncoding</key>
			<string>4</string>
			<key>isa</key>
			<string>PBXFileReference</string>
			<key>lastKnownFileType</key>
			<string>sourcecode.c.objc</string>
			<key>path</key>
			<string>Flight.m</string>
			<key>sourceTree</key>
			<string>&lt;group&gt;</string>
		</dict>
		<key>2F956A43148BDF6600549814</key>
		<dict>
			<key>fileRef</key>
			<string>2F956A42148BDF6600549814</string>
			<key>isa</key>
			<string>PBXBuildFile</string>
		</dict>
		<key>2F956A4E148BE82D00549814</key>
		<dict>
			<key>fileEncoding</key>
			<string>4</string>
			<key>isa</key>
			<string>PBXFileReference</string>
			<key>lastKnownFileType</key>
			<string>sourcecode.c.h</string>
			<key>path</key>
			<string>SMXMLDocument.h</string>
			<key>sourceTree</key>
			<string>&lt;group&gt;</string>
		</dict>
		<key>2F956A4F148BE82D00549814</key>
		<dict>
			<key>fileEncoding</key>
			<string>4</string>
			<key>isa</key>
			<string>PBXFileReference</string>
			<key>lastKnownFileType</key>
			<string>sourcecode.c.objc</string>
			<key>path</key>
			<string>SMXMLDocument.m</string>
			<key>sourceTree</key>
			<string>&lt;group&gt;</string>
		</dict>
		<key>2F956A50148BE82D00549814</key>
		<dict>
			<key>fileRef</key>
			<string>2F956A4F148BE82D00549814</string>
			<key>isa</key>
			<string>PBXBuildFile</string>
		</dict>
		<key>2F956A51148BE86100549814</key>
		<dict>
			<key>children</key>
			<array>
				<string>D02A53DE1649A91600A5B568</string>
				<string>D0A9F9AF164942BA000D0CF7</string>
				<string>D0A9F9B0164942BA000D0CF7</string>
				<string>D0A9F9B1164942BA000D0CF7</string>
				<string>D0A9F9B2164942BA000D0CF7</string>
				<string>D0A9F9B3164942BA000D0CF7</string>
				<string>D0A9F9B4164942BB000D0CF7</string>
				<string>D0A9F9AA16493989000D0CF7</string>
				<string>D0A9F9AB16493989000D0CF7</string>
				<string>D0A9F99916493685000D0CF7</string>
				<string>D0A9F99B16493694000D0CF7</string>
				<string>D0A9F99C16493694000D0CF7</string>
				<string>D0A9F99D16493694000D0CF7</string>
				<string>D0A9F99E16493694000D0CF7</string>
				<string>D0A9F99F16493694000D0CF7</string>
				<string>D0A9F9A016493694000D0CF7</string>
				<string>D0A9F9A116493694000D0CF7</string>
				<string>D0A9F9A216493694000D0CF7</string>
				<string>D0A9F9A316493694000D0CF7</string>
				<string>D0A9F9A416493694000D0CF7</string>
				<string>D063C0B514DEBD2A00C3FD02</string>
				<string>D063C0B614DEBD2A00C3FD02</string>
				<string>D063C0B114DEBCA900C3FD02</string>
				<string>D063C0B214DEBCA900C3FD02</string>
				<string>2F48B03614BC51D70090D816</string>
				<string>2F48B03714BC51D70090D816</string>
				<string>2F48B02E14BC51590090D816</string>
				<string>2F48B02F14BC51590090D816</string>
				<string>2F00D6FF149A1BEF00ED2ABB</string>
				<string>2F41C498149F7BF5004209DD</string>
				<string>2F41C499149F7BF5004209DD</string>
				<string>2F59B04C148E76DF00A54C1F</string>
				<string>2F59B04D148E76DF00A54C1F</string>
				<string>2F1E887D148C138200C6F756</string>
				<string>2F1E887E148C138200C6F756</string>
				<string>2F956A4E148BE82D00549814</string>
				<string>2F956A4F148BE82D00549814</string>
				<string>2F3B9325148CAD65000674E7</string>
				<string>2F3B9326148CAD65000674E7</string>
			</array>
			<key>isa</key>
			<string>PBXGroup</string>
			<key>name</key>
			<string>Helpers</string>
			<key>sourceTree</key>
			<string>&lt;group&gt;</string>
		</dict>
		<key>2F956A5F148C066800549814</key>
		<dict>
			<key>children</key>
			<array>
				<string>2F956A41148BDF6600549814</string>
				<string>2F956A42148BDF6600549814</string>
			</array>
			<key>isa</key>
			<string>PBXGroup</string>
			<key>name</key>
			<string>Classes</string>
			<key>sourceTree</key>
			<string>&lt;group&gt;</string>
		</dict>
		<key>2F956A60148C06F300549814</key>
		<dict>
			<key>children</key>
			<array>
				<string>2FC35E0E14B4DE4400D90E17</string>
				<string>D02A53D11649A81400A5B568</string>
				<string>D02A53D21649A81400A5B568</string>
				<string>D02A53D61649A8AC00A5B568</string>
				<string>D02A53D71649A8AC00A5B568</string>
				<string>2F4F5A36148FCCCE00506C8E</string>
				<string>2F4F5A33148FC7C000506C8E</string>
				<string>2F59B04F148E76EA00A54C1F</string>
				<string>2F59B050148E76EA00A54C1F</string>
				<string>2F1AA6B7149E3BE300807566</string>
				<string>2F1AA6B8149E3BE300807566</string>
				<string>2F9273A0149A7B830065B464</string>
				<string>2F9273A1149A7B830065B464</string>
				<string>2F59B042148E6FCF00A54C1F</string>
				<string>2F59B02B148E2EC400A54C1F</string>
				<string>2F59B02C148E2EC400A54C1F</string>
				<string>2F59B027148E2DAD00A54C1F</string>
				<string>2F59B028148E2DAD00A54C1F</string>
				<string>2F59B01B148E026D00A54C1F</string>
				<string>2F59B01C148E026D00A54C1F</string>
				<string>2F59B017148E01EA00A54C1F</string>
				<string>2F59B018148E01EA00A54C1F</string>
				<string>2F332141148D287600808A62</string>
				<string>2F332142148D287600808A62</string>
				<string>2FFC928A148CC66800F19E8F</string>
			</array>
			<key>isa</key>
			<string>PBXGroup</string>
			<key>name</key>
			<string>Resources</string>
			<key>sourceTree</key>
			<string>&lt;group&gt;</string>
		</dict>
		<key>2FC35E0E14B4DE4400D90E17</key>
		<dict>
			<key>children</key>
			<array>
				<string>2FC35E0F14B4DE4400D90E17</string>
				<string>2FC35E1114B4DE5600D90E17</string>
				<string>2FE9522314BF291D000BC056</string>
			</array>
			<key>isa</key>
			<string>PBXVariantGroup</string>
			<key>name</key>
			<string>Localizable.strings</string>
			<key>sourceTree</key>
			<string>&lt;group&gt;</string>
		</dict>
		<key>2FC35E0F14B4DE4400D90E17</key>
		<dict>
			<key>isa</key>
			<string>PBXFileReference</string>
			<key>lastKnownFileType</key>
			<string>text.plist.strings</string>
			<key>name</key>
			<string>en</string>
			<key>path</key>
			<string>en.lproj/Localizable.strings</string>
			<key>sourceTree</key>
			<string>&lt;group&gt;</string>
		</dict>
		<key>2FC35E1014B4DE4400D90E17</key>
		<dict>
			<key>fileRef</key>
			<string>2FC35E0E14B4DE4400D90E17</string>
			<key>isa</key>
			<string>PBXBuildFile</string>
		</dict>
		<key>2FC35E1114B4DE5600D90E17</key>
		<dict>
			<key>isa</key>
			<string>PBXFileReference</string>
			<key>lastKnownFileType</key>
			<string>text.plist.strings</string>
			<key>name</key>
			<string>nb</string>
			<key>path</key>
			<string>nb.lproj/Localizable.strings</string>
			<key>sourceTree</key>
			<string>&lt;group&gt;</string>
		</dict>
		<key>2FE9522314BF291D000BC056</key>
		<dict>
			<key>isa</key>
			<string>PBXFileReference</string>
			<key>lastKnownFileType</key>
			<string>text.plist.strings</string>
			<key>name</key>
			<string>ru</string>
			<key>path</key>
			<string>ru.lproj/Localizable.strings</string>
			<key>sourceTree</key>
			<string>&lt;group&gt;</string>
		</dict>
		<key>2FFC928A148CC66800F19E8F</key>
		<dict>
			<key>fileEncoding</key>
			<string>4</string>
			<key>isa</key>
			<string>PBXFileReference</string>
			<key>lastKnownFileType</key>
			<string>text.plist.xml</string>
			<key>path</key>
			<string>Airports.plist</string>
			<key>sourceTree</key>
			<string>&lt;group&gt;</string>
		</dict>
		<key>2FFC928B148CC66800F19E8F</key>
		<dict>
			<key>fileRef</key>
			<string>2FFC928A148CC66800F19E8F</string>
			<key>isa</key>
			<string>PBXBuildFile</string>
		</dict>
		<key>68289E97C8BC422FA12788D1</key>
		<dict>
			<key>includeInIndex</key>
			<string>1</string>
			<key>isa</key>
			<string>PBXFileReference</string>
			<key>lastKnownFileType</key>
			<string>text.xcconfig</string>
			<key>name</key>
			<string>Pods.xcconfig</string>
			<key>path</key>
			<string>Pods/Pods.xcconfig</string>
			<key>sourceTree</key>
			<string>SOURCE_ROOT</string>
		</dict>
		<key>80C8E334731B4B698536353A</key>
		<dict>
			<key>fileRef</key>
			<string>9943D50854D042218AF9E5D9</string>
			<key>isa</key>
			<string>PBXBuildFile</string>
			<key>settings</key>
			<dict/>
		</dict>
		<key>9943D50854D042218AF9E5D9</key>
		<dict>
			<key>explicitFileType</key>
			<string>archive.ar</string>
			<key>includeInIndex</key>
			<string>0</string>
			<key>isa</key>
			<string>PBXFileReference</string>
			<key>name</key>
			<string>libPods.a</string>
			<key>path</key>
			<string>libPods.a</string>
			<key>sourceTree</key>
			<string>BUILT_PRODUCTS_DIR</string>
		</dict>
		<key>B9A77C77514B4735AD1EB721</key>
		<dict>
			<key>buildActionMask</key>
			<string>2147483647</string>
			<key>files</key>
			<array/>
			<key>inputPaths</key>
			<array/>
			<key>isa</key>
			<string>PBXShellScriptBuildPhase</string>
			<key>name</key>
			<string>Copy Pods Resources</string>
			<key>outputPaths</key>
			<array/>
			<key>runOnlyForDeploymentPostprocessing</key>
			<string>0</string>
			<key>shellPath</key>
			<string>/bin/sh</string>
			<key>shellScript</key>
			<string>"${SRCROOT}/Pods/Pods-resources.sh"
</string>
			<key>showEnvVarsInLog</key>
			<string>1</string>
		</dict>
		<key>D02A53D11649A81400A5B568</key>
		<dict>
			<key>isa</key>
			<string>PBXFileReference</string>
			<key>lastKnownFileType</key>
			<string>image.png</string>
			<key>path</key>
			<string>grey.png</string>
			<key>sourceTree</key>
			<string>&lt;group&gt;</string>
		</dict>
		<key>D02A53D21649A81400A5B568</key>
		<dict>
			<key>isa</key>
			<string>PBXFileReference</string>
			<key>lastKnownFileType</key>
			<string>image.png</string>
			<key>path</key>
			<string>grey@2x.png</string>
			<key>sourceTree</key>
			<string>&lt;group&gt;</string>
		</dict>
		<key>D02A53D31649A81400A5B568</key>
		<dict>
			<key>fileRef</key>
			<string>D02A53D11649A81400A5B568</string>
			<key>isa</key>
			<string>PBXBuildFile</string>
		</dict>
		<key>D02A53D41649A81400A5B568</key>
		<dict>
			<key>fileRef</key>
			<string>D02A53D21649A81400A5B568</string>
			<key>isa</key>
			<string>PBXBuildFile</string>
		</dict>
		<key>D02A53D61649A8AC00A5B568</key>
		<dict>
			<key>isa</key>
			<string>PBXFileReference</string>
			<key>lastKnownFileType</key>
			<string>image.png</string>
			<key>path</key>
			<string>light_wool.png</string>
			<key>sourceTree</key>
			<string>&lt;group&gt;</string>
		</dict>
		<key>D02A53D71649A8AC00A5B568</key>
		<dict>
			<key>isa</key>
			<string>PBXFileReference</string>
			<key>lastKnownFileType</key>
			<string>image.png</string>
			<key>path</key>
			<string>light_wool@2x.png</string>
			<key>sourceTree</key>
			<string>&lt;group&gt;</string>
		</dict>
		<key>D02A53D81649A8AC00A5B568</key>
		<dict>
			<key>fileRef</key>
			<string>D02A53D61649A8AC00A5B568</string>
			<key>isa</key>
			<string>PBXBuildFile</string>
		</dict>
		<key>D02A53D91649A8AC00A5B568</key>
		<dict>
			<key>fileRef</key>
			<string>D02A53D71649A8AC00A5B568</string>
			<key>isa</key>
			<string>PBXBuildFile</string>
		</dict>
		<key>D02A53DE1649A91600A5B568</key>
		<dict>
			<key>children</key>
			<array>
				<string>D02A53DF1649A91600A5B568</string>
				<string>D02A53E81649A91600A5B568</string>
				<string>D02A53E91649A91600A5B568</string>
				<string>D02A53EA1649A91600A5B568</string>
				<string>D02A53EB1649A91600A5B568</string>
				<string>D02A53EC1649A91600A5B568</string>
				<string>D02A53ED1649A91600A5B568</string>
				<string>D02A53EE1649A91600A5B568</string>
				<string>D02A53EF1649A91600A5B568</string>
				<string>D02A53F01649A91600A5B568</string>
				<string>D02A53F11649A91600A5B568</string>
				<string>D02A53F21649A91600A5B568</string>
			</array>
			<key>isa</key>
			<string>PBXGroup</string>
			<key>path</key>
			<string>PrettyKit</string>
			<key>sourceTree</key>
			<string>&lt;group&gt;</string>
		</dict>
		<key>D02A53DF1649A91600A5B568</key>
		<dict>
			<key>children</key>
			<array>
				<string>D02A53E01649A91600A5B568</string>
				<string>D02A53E11649A91600A5B568</string>
				<string>D02A53E21649A91600A5B568</string>
				<string>D02A53E31649A91600A5B568</string>
				<string>D02A53E41649A91600A5B568</string>
				<string>D02A53E51649A91600A5B568</string>
				<string>D02A53E61649A91600A5B568</string>
				<string>D02A53E71649A91600A5B568</string>
			</array>
			<key>isa</key>
			<string>PBXGroup</string>
			<key>path</key>
			<string>Cells</string>
			<key>sourceTree</key>
			<string>&lt;group&gt;</string>
		</dict>
		<key>D02A53E01649A91600A5B568</key>
		<dict>
			<key>fileEncoding</key>
			<string>4</string>
			<key>isa</key>
			<string>PBXFileReference</string>
			<key>lastKnownFileType</key>
			<string>sourcecode.c.h</string>
			<key>path</key>
			<string>PrettyCustomViewTableViewCell.h</string>
			<key>sourceTree</key>
			<string>&lt;group&gt;</string>
		</dict>
		<key>D02A53E11649A91600A5B568</key>
		<dict>
			<key>fileEncoding</key>
			<string>4</string>
			<key>isa</key>
			<string>PBXFileReference</string>
			<key>lastKnownFileType</key>
			<string>sourcecode.c.objc</string>
			<key>path</key>
			<string>PrettyCustomViewTableViewCell.m</string>
			<key>sourceTree</key>
			<string>&lt;group&gt;</string>
		</dict>
		<key>D02A53E21649A91600A5B568</key>
		<dict>
			<key>fileEncoding</key>
			<string>4</string>
			<key>isa</key>
			<string>PBXFileReference</string>
			<key>lastKnownFileType</key>
			<string>sourcecode.c.h</string>
			<key>path</key>
			<string>PrettyGridTableViewCell.h</string>
			<key>sourceTree</key>
			<string>&lt;group&gt;</string>
		</dict>
		<key>D02A53E31649A91600A5B568</key>
		<dict>
			<key>fileEncoding</key>
			<string>4</string>
			<key>isa</key>
			<string>PBXFileReference</string>
			<key>lastKnownFileType</key>
			<string>sourcecode.c.objc</string>
			<key>path</key>
			<string>PrettyGridTableViewCell.m</string>
			<key>sourceTree</key>
			<string>&lt;group&gt;</string>
		</dict>
		<key>D02A53E41649A91600A5B568</key>
		<dict>
			<key>fileEncoding</key>
			<string>4</string>
			<key>isa</key>
			<string>PBXFileReference</string>
			<key>lastKnownFileType</key>
			<string>sourcecode.c.h</string>
			<key>path</key>
			<string>PrettySegmentedControlTableViewCell.h</string>
			<key>sourceTree</key>
			<string>&lt;group&gt;</string>
		</dict>
		<key>D02A53E51649A91600A5B568</key>
		<dict>
			<key>fileEncoding</key>
			<string>4</string>
			<key>isa</key>
			<string>PBXFileReference</string>
			<key>lastKnownFileType</key>
			<string>sourcecode.c.objc</string>
			<key>path</key>
			<string>PrettySegmentedControlTableViewCell.m</string>
			<key>sourceTree</key>
			<string>&lt;group&gt;</string>
		</dict>
		<key>D02A53E61649A91600A5B568</key>
		<dict>
			<key>fileEncoding</key>
			<string>4</string>
			<key>isa</key>
			<string>PBXFileReference</string>
			<key>lastKnownFileType</key>
			<string>sourcecode.c.h</string>
			<key>path</key>
			<string>PrettyTableViewCell.h</string>
			<key>sourceTree</key>
			<string>&lt;group&gt;</string>
		</dict>
		<key>D02A53E71649A91600A5B568</key>
		<dict>
			<key>fileEncoding</key>
			<string>4</string>
			<key>isa</key>
			<string>PBXFileReference</string>
			<key>lastKnownFileType</key>
			<string>sourcecode.c.objc</string>
			<key>path</key>
			<string>PrettyTableViewCell.m</string>
			<key>sourceTree</key>
			<string>&lt;group&gt;</string>
		</dict>
		<key>D02A53E81649A91600A5B568</key>
		<dict>
			<key>fileEncoding</key>
			<string>4</string>
			<key>isa</key>
			<string>PBXFileReference</string>
			<key>lastKnownFileType</key>
			<string>sourcecode.c.h</string>
			<key>path</key>
			<string>PrettyDrawing.h</string>
			<key>sourceTree</key>
			<string>&lt;group&gt;</string>
		</dict>
		<key>D02A53E91649A91600A5B568</key>
		<dict>
			<key>fileEncoding</key>
			<string>4</string>
			<key>isa</key>
			<string>PBXFileReference</string>
			<key>lastKnownFileType</key>
			<string>sourcecode.c.objc</string>
			<key>path</key>
			<string>PrettyDrawing.m</string>
			<key>sourceTree</key>
			<string>&lt;group&gt;</string>
		</dict>
		<key>D02A53EA1649A91600A5B568</key>
		<dict>
			<key>fileEncoding</key>
			<string>4</string>
			<key>isa</key>
			<string>PBXFileReference</string>
			<key>lastKnownFileType</key>
			<string>sourcecode.c.h</string>
			<key>path</key>
			<string>PrettyKit.h</string>
			<key>sourceTree</key>
			<string>&lt;group&gt;</string>
		</dict>
		<key>D02A53EB1649A91600A5B568</key>
		<dict>
			<key>fileEncoding</key>
			<string>4</string>
			<key>isa</key>
			<string>PBXFileReference</string>
			<key>lastKnownFileType</key>
			<string>sourcecode.c.h</string>
			<key>path</key>
			<string>PrettyNavigationBar.h</string>
			<key>sourceTree</key>
			<string>&lt;group&gt;</string>
		</dict>
		<key>D02A53EC1649A91600A5B568</key>
		<dict>
			<key>fileEncoding</key>
			<string>4</string>
			<key>isa</key>
			<string>PBXFileReference</string>
			<key>lastKnownFileType</key>
			<string>sourcecode.c.objc</string>
			<key>path</key>
			<string>PrettyNavigationBar.m</string>
			<key>sourceTree</key>
			<string>&lt;group&gt;</string>
		</dict>
		<key>D02A53ED1649A91600A5B568</key>
		<dict>
			<key>fileEncoding</key>
			<string>4</string>
			<key>isa</key>
			<string>PBXFileReference</string>
			<key>lastKnownFileType</key>
			<string>sourcecode.c.h</string>
			<key>path</key>
			<string>PrettyShadowPlainTableview.h</string>
			<key>sourceTree</key>
			<string>&lt;group&gt;</string>
		</dict>
		<key>D02A53EE1649A91600A5B568</key>
		<dict>
			<key>fileEncoding</key>
			<string>4</string>
			<key>isa</key>
			<string>PBXFileReference</string>
			<key>lastKnownFileType</key>
			<string>sourcecode.c.objc</string>
			<key>path</key>
			<string>PrettyShadowPlainTableview.m</string>
			<key>sourceTree</key>
			<string>&lt;group&gt;</string>
		</dict>
		<key>D02A53EF1649A91600A5B568</key>
		<dict>
			<key>fileEncoding</key>
			<string>4</string>
			<key>isa</key>
			<string>PBXFileReference</string>
			<key>lastKnownFileType</key>
			<string>sourcecode.c.h</string>
			<key>path</key>
			<string>PrettyTabBar.h</string>
			<key>sourceTree</key>
			<string>&lt;group&gt;</string>
		</dict>
		<key>D02A53F01649A91600A5B568</key>
		<dict>
			<key>fileEncoding</key>
			<string>4</string>
			<key>isa</key>
			<string>PBXFileReference</string>
			<key>lastKnownFileType</key>
			<string>sourcecode.c.objc</string>
			<key>path</key>
			<string>PrettyTabBar.m</string>
			<key>sourceTree</key>
			<string>&lt;group&gt;</string>
		</dict>
		<key>D02A53F11649A91600A5B568</key>
		<dict>
			<key>fileEncoding</key>
			<string>4</string>
			<key>isa</key>
			<string>PBXFileReference</string>
			<key>lastKnownFileType</key>
			<string>sourcecode.c.h</string>
			<key>path</key>
			<string>PrettyToolbar.h</string>
			<key>sourceTree</key>
			<string>&lt;group&gt;</string>
		</dict>
		<key>D02A53F21649A91600A5B568</key>
		<dict>
			<key>fileEncoding</key>
			<string>4</string>
			<key>isa</key>
			<string>PBXFileReference</string>
			<key>lastKnownFileType</key>
			<string>sourcecode.c.objc</string>
			<key>path</key>
			<string>PrettyToolbar.m</string>
			<key>sourceTree</key>
			<string>&lt;group&gt;</string>
		</dict>
		<key>D02A53F31649A91600A5B568</key>
		<dict>
			<key>fileRef</key>
			<string>D02A53E11649A91600A5B568</string>
			<key>isa</key>
			<string>PBXBuildFile</string>
			<key>settings</key>
			<dict>
				<key>COMPILER_FLAGS</key>
				<string>-fno-objc-arc</string>
			</dict>
		</dict>
		<key>D02A53F41649A91600A5B568</key>
		<dict>
			<key>fileRef</key>
			<string>D02A53E31649A91600A5B568</string>
			<key>isa</key>
			<string>PBXBuildFile</string>
			<key>settings</key>
			<dict>
				<key>COMPILER_FLAGS</key>
				<string>-fno-objc-arc</string>
			</dict>
		</dict>
		<key>D02A53F51649A91600A5B568</key>
		<dict>
			<key>fileRef</key>
			<string>D02A53E51649A91600A5B568</string>
			<key>isa</key>
			<string>PBXBuildFile</string>
			<key>settings</key>
			<dict>
				<key>COMPILER_FLAGS</key>
				<string>-fno-objc-arc</string>
			</dict>
		</dict>
		<key>D02A53F61649A91600A5B568</key>
		<dict>
			<key>fileRef</key>
			<string>D02A53E71649A91600A5B568</string>
			<key>isa</key>
			<string>PBXBuildFile</string>
			<key>settings</key>
			<dict>
				<key>COMPILER_FLAGS</key>
				<string>-fno-objc-arc</string>
			</dict>
		</dict>
		<key>D02A53F71649A91600A5B568</key>
		<dict>
			<key>fileRef</key>
			<string>D02A53E91649A91600A5B568</string>
			<key>isa</key>
			<string>PBXBuildFile</string>
			<key>settings</key>
			<dict>
				<key>COMPILER_FLAGS</key>
				<string>-fno-objc-arc</string>
			</dict>
		</dict>
		<key>D02A53F81649A91600A5B568</key>
		<dict>
			<key>fileRef</key>
			<string>D02A53EC1649A91600A5B568</string>
			<key>isa</key>
			<string>PBXBuildFile</string>
			<key>settings</key>
			<dict>
				<key>COMPILER_FLAGS</key>
				<string>-fno-objc-arc</string>
			</dict>
		</dict>
		<key>D02A53F91649A91600A5B568</key>
		<dict>
			<key>fileRef</key>
			<string>D02A53EE1649A91600A5B568</string>
			<key>isa</key>
			<string>PBXBuildFile</string>
			<key>settings</key>
			<dict>
				<key>COMPILER_FLAGS</key>
				<string>-fno-objc-arc</string>
			</dict>
		</dict>
		<key>D02A53FA1649A91600A5B568</key>
		<dict>
			<key>fileRef</key>
			<string>D02A53F01649A91600A5B568</string>
			<key>isa</key>
			<string>PBXBuildFile</string>
			<key>settings</key>
			<dict>
				<key>COMPILER_FLAGS</key>
				<string>-fno-objc-arc</string>
			</dict>
		</dict>
		<key>D02A53FB1649A91600A5B568</key>
		<dict>
			<key>fileRef</key>
			<string>D02A53F21649A91600A5B568</string>
			<key>isa</key>
			<string>PBXBuildFile</string>
			<key>settings</key>
			<dict>
				<key>COMPILER_FLAGS</key>
				<string>-fno-objc-arc</string>
			</dict>
		</dict>
		<key>D02A53FC1649AA6F00A5B568</key>
		<dict>
			<key>fileEncoding</key>
			<string>4</string>
			<key>isa</key>
			<string>PBXFileReference</string>
			<key>lastKnownFileType</key>
			<string>sourcecode.c.h</string>
			<key>path</key>
			<string>FlylistaNavigationBar.h</string>
			<key>sourceTree</key>
			<string>&lt;group&gt;</string>
		</dict>
		<key>D02A53FD1649AA6F00A5B568</key>
		<dict>
			<key>fileEncoding</key>
			<string>4</string>
			<key>isa</key>
			<string>PBXFileReference</string>
			<key>lastKnownFileType</key>
			<string>sourcecode.c.objc</string>
			<key>path</key>
			<string>FlylistaNavigationBar.m</string>
			<key>sourceTree</key>
			<string>&lt;group&gt;</string>
		</dict>
		<key>D02A53FE1649AA6F00A5B568</key>
		<dict>
			<key>fileRef</key>
			<string>D02A53FD1649AA6F00A5B568</string>
			<key>isa</key>
			<string>PBXBuildFile</string>
		</dict>
		<key>D02A53FF1649B9A200A5B568</key>
		<dict>
			<key>fileEncoding</key>
			<string>4</string>
			<key>isa</key>
			<string>PBXFileReference</string>
			<key>lastKnownFileType</key>
			<string>sourcecode.c.h</string>
			<key>path</key>
			<string>FlylistaToolbar.h</string>
			<key>sourceTree</key>
			<string>&lt;group&gt;</string>
		</dict>
		<key>D02A54001649B9A200A5B568</key>
		<dict>
			<key>fileEncoding</key>
			<string>4</string>
			<key>isa</key>
			<string>PBXFileReference</string>
			<key>lastKnownFileType</key>
			<string>sourcecode.c.objc</string>
			<key>path</key>
			<string>FlylistaToolbar.m</string>
			<key>sourceTree</key>
			<string>&lt;group&gt;</string>
		</dict>
		<key>D02A54011649B9A300A5B568</key>
		<dict>
			<key>fileRef</key>
			<string>D02A54001649B9A200A5B568</string>
			<key>isa</key>
			<string>PBXBuildFile</string>
		</dict>
		<key>D05F91A314DC028F007A51CC</key>
		<dict>
			<key>isa</key>
			<string>PBXFileReference</string>
			<key>lastKnownFileType</key>
			<string>image.png</string>
			<key>path</key>
			<string>Icon.png</string>
			<key>sourceTree</key>
			<string>&lt;group&gt;</string>
		</dict>
		<key>D05F91A414DC028F007A51CC</key>
		<dict>
			<key>fileRef</key>
			<string>D05F91A314DC028F007A51CC</string>
			<key>isa</key>
			<string>PBXBuildFile</string>
		</dict>
		<key>D05F91A514DC0292007A51CC</key>
		<dict>
			<key>isa</key>
			<string>PBXFileReference</string>
			<key>lastKnownFileType</key>
			<string>image.png</string>
			<key>path</key>
			<string>Icon@2x.png</string>
			<key>sourceTree</key>
			<string>&lt;group&gt;</string>
		</dict>
		<key>D05F91A614DC0292007A51CC</key>
		<dict>
			<key>fileRef</key>
			<string>D05F91A514DC0292007A51CC</string>
			<key>isa</key>
			<string>PBXBuildFile</string>
		</dict>
		<key>D063C0B114DEBCA900C3FD02</key>
		<dict>
			<key>fileEncoding</key>
			<string>4</string>
			<key>isa</key>
			<string>PBXFileReference</string>
			<key>lastKnownFileType</key>
			<string>sourcecode.c.h</string>
			<key>path</key>
			<string>CoolButton.h</string>
			<key>sourceTree</key>
			<string>&lt;group&gt;</string>
		</dict>
		<key>D063C0B214DEBCA900C3FD02</key>
		<dict>
			<key>fileEncoding</key>
			<string>4</string>
			<key>isa</key>
			<string>PBXFileReference</string>
			<key>lastKnownFileType</key>
			<string>sourcecode.c.objc</string>
			<key>path</key>
			<string>CoolButton.m</string>
			<key>sourceTree</key>
			<string>&lt;group&gt;</string>
		</dict>
		<key>D063C0B314DEBCA900C3FD02</key>
		<dict>
			<key>fileRef</key>
			<string>D063C0B214DEBCA900C3FD02</string>
			<key>isa</key>
			<string>PBXBuildFile</string>
		</dict>
		<key>D063C0B514DEBD2A00C3FD02</key>
		<dict>
			<key>fileEncoding</key>
			<string>4</string>
			<key>isa</key>
			<string>PBXFileReference</string>
			<key>lastKnownFileType</key>
			<string>sourcecode.c.h</string>
			<key>path</key>
			<string>Common.h</string>
			<key>sourceTree</key>
			<string>&lt;group&gt;</string>
		</dict>
		<key>D063C0B614DEBD2A00C3FD02</key>
		<dict>
			<key>fileEncoding</key>
			<string>4</string>
			<key>isa</key>
			<string>PBXFileReference</string>
			<key>lastKnownFileType</key>
			<string>sourcecode.c.objc</string>
			<key>path</key>
			<string>Common.m</string>
			<key>sourceTree</key>
			<string>&lt;group&gt;</string>
		</dict>
		<key>D063C0B714DEBD2A00C3FD02</key>
		<dict>
			<key>fileRef</key>
			<string>D063C0B614DEBD2A00C3FD02</string>
			<key>isa</key>
			<string>PBXBuildFile</string>
		</dict>
		<key>D076E69914DAB92F004B79B4</key>
		<dict>
			<key>fileRef</key>
			<string>2F8FC59C1494BD7E003A95AB</string>
			<key>isa</key>
			<string>PBXBuildFile</string>
		</dict>
		<key>D0A6BD6D164AAAB7000CE203</key>
		<dict>
			<key>isa</key>
			<string>PBXFileReference</string>
			<key>lastKnownFileType</key>
			<string>text.plist.strings</string>
			<key>name</key>
			<string>en</string>
			<key>path</key>
			<string>en.lproj/iPhone.strings</string>
			<key>sourceTree</key>
			<string>&lt;group&gt;</string>
		</dict>
		<key>D0A6BD6E164AAAE0000CE203</key>
		<dict>
			<key>fileRef</key>
			<string>D0A6BD70164AAAE0000CE203</string>
			<key>isa</key>
			<string>PBXBuildFile</string>
		</dict>
		<key>D0A6BD70164AAAE0000CE203</key>
		<dict>
			<key>children</key>
			<array>
				<string>D0A6BD73164AAB23000CE203</string>
				<string>D0A6BD74164AAB2A000CE203</string>
				<string>D0A6BD75164AAB33000CE203</string>
				<string>D0A6BD76164AAB38000CE203</string>
			</array>
			<key>isa</key>
			<string>PBXVariantGroup</string>
			<key>name</key>
			<string>iPad.storyboard</string>
			<key>sourceTree</key>
			<string>&lt;group&gt;</string>
		</dict>
		<key>D0A6BD73164AAB23000CE203</key>
		<dict>
			<key>isa</key>
			<string>PBXFileReference</string>
			<key>lastKnownFileType</key>
			<string>file.storyboard</string>
			<key>name</key>
			<string>Base</string>
			<key>path</key>
			<string>Base.lproj/iPad.storyboard</string>
			<key>sourceTree</key>
			<string>&lt;group&gt;</string>
		</dict>
		<key>D0A6BD74164AAB2A000CE203</key>
		<dict>
			<key>isa</key>
			<string>PBXFileReference</string>
			<key>lastKnownFileType</key>
			<string>text.plist.strings</string>
			<key>name</key>
			<string>ru</string>
			<key>path</key>
			<string>ru.lproj/iPad.strings</string>
			<key>sourceTree</key>
			<string>&lt;group&gt;</string>
		</dict>
		<key>D0A6BD75164AAB33000CE203</key>
		<dict>
			<key>isa</key>
			<string>PBXFileReference</string>
			<key>lastKnownFileType</key>
			<string>text.plist.strings</string>
			<key>name</key>
			<string>nb</string>
			<key>path</key>
			<string>nb.lproj/iPad.strings</string>
			<key>sourceTree</key>
			<string>&lt;group&gt;</string>
		</dict>
		<key>D0A6BD76164AAB38000CE203</key>
		<dict>
			<key>isa</key>
			<string>PBXFileReference</string>
			<key>lastKnownFileType</key>
			<string>text.plist.strings</string>
			<key>name</key>
			<string>en</string>
			<key>path</key>
			<string>en.lproj/iPad.strings</string>
			<key>sourceTree</key>
			<string>&lt;group&gt;</string>
		</dict>
		<key>D0A6BD77164AB60D000CE203</key>
		<dict>
			<key>isa</key>
			<string>PBXFileReference</string>
			<key>lastKnownFileType</key>
			<string>image.png</string>
			<key>path</key>
			<string>Default-Landscape@2x~ipad.png</string>
			<key>sourceTree</key>
			<string>&lt;group&gt;</string>
		</dict>
		<key>D0A6BD79164AB611000CE203</key>
		<dict>
			<key>isa</key>
			<string>PBXFileReference</string>
			<key>lastKnownFileType</key>
			<string>image.png</string>
			<key>path</key>
			<string>Default-Landscape~ipad.png</string>
			<key>sourceTree</key>
			<string>&lt;group&gt;</string>
		</dict>
		<key>D0A6BD7B164AC027000CE203</key>
		<dict>
			<key>fileRef</key>
			<string>2F7DAF00149A859700E64A36</string>
			<key>isa</key>
			<string>PBXBuildFile</string>
		</dict>
		<key>D0A6BD7C164AC02D000CE203</key>
		<dict>
			<key>fileRef</key>
			<string>2F7DAEFD149A859400E64A36</string>
			<key>isa</key>
			<string>PBXBuildFile</string>
		</dict>
		<key>D0A6BD7D164AC035000CE203</key>
		<dict>
			<key>fileRef</key>
			<string>D0A6BD79164AB611000CE203</string>
			<key>isa</key>
			<string>PBXBuildFile</string>
		</dict>
		<key>D0A6BD7E164AC03A000CE203</key>
		<dict>
			<key>fileRef</key>
			<string>D0A6BD77164AB60D000CE203</string>
			<key>isa</key>
			<string>PBXBuildFile</string>
		</dict>
		<key>D0A9F99916493685000D0CF7</key>
		<dict>
			<key>isa</key>
			<string>PBXFileReference</string>
			<key>lastKnownFileType</key>
			<string>archive.ar</string>
			<key>path</key>
			<string>libAdapterIAd.a</string>
			<key>sourceTree</key>
			<string>&lt;group&gt;</string>
		</dict>
		<key>D0A9F99A16493685000D0CF7</key>
		<dict>
			<key>fileRef</key>
			<string>D0A9F99916493685000D0CF7</string>
			<key>isa</key>
			<string>PBXBuildFile</string>
		</dict>
		<key>D0A9F99B16493694000D0CF7</key>
		<dict>
			<key>fileEncoding</key>
			<string>4</string>
			<key>isa</key>
			<string>PBXFileReference</string>
			<key>lastKnownFileType</key>
			<string>sourcecode.c.h</string>
			<key>path</key>
			<string>GADAdMobExtras.h</string>
			<key>sourceTree</key>
			<string>&lt;group&gt;</string>
		</dict>
		<key>D0A9F99C16493694000D0CF7</key>
		<dict>
			<key>fileEncoding</key>
			<string>4</string>
			<key>isa</key>
			<string>PBXFileReference</string>
			<key>lastKnownFileType</key>
			<string>sourcecode.c.h</string>
			<key>path</key>
			<string>GADAdNetworkExtras.h</string>
			<key>sourceTree</key>
			<string>&lt;group&gt;</string>
		</dict>
		<key>D0A9F99D16493694000D0CF7</key>
		<dict>
			<key>fileEncoding</key>
			<string>4</string>
			<key>isa</key>
			<string>PBXFileReference</string>
			<key>lastKnownFileType</key>
			<string>sourcecode.c.h</string>
			<key>path</key>
			<string>GADAdSize.h</string>
			<key>sourceTree</key>
			<string>&lt;group&gt;</string>
		</dict>
		<key>D0A9F99E16493694000D0CF7</key>
		<dict>
			<key>fileEncoding</key>
			<string>4</string>
			<key>isa</key>
			<string>PBXFileReference</string>
			<key>lastKnownFileType</key>
			<string>sourcecode.c.h</string>
			<key>path</key>
			<string>GADBannerView.h</string>
			<key>sourceTree</key>
			<string>&lt;group&gt;</string>
		</dict>
		<key>D0A9F99F16493694000D0CF7</key>
		<dict>
			<key>fileEncoding</key>
			<string>4</string>
			<key>isa</key>
			<string>PBXFileReference</string>
			<key>lastKnownFileType</key>
			<string>sourcecode.c.h</string>
			<key>path</key>
			<string>GADBannerViewDelegate.h</string>
			<key>sourceTree</key>
			<string>&lt;group&gt;</string>
		</dict>
		<key>D0A9F9A016493694000D0CF7</key>
		<dict>
			<key>fileEncoding</key>
			<string>4</string>
			<key>isa</key>
			<string>PBXFileReference</string>
			<key>lastKnownFileType</key>
			<string>sourcecode.c.h</string>
			<key>path</key>
			<string>GADInterstitial.h</string>
			<key>sourceTree</key>
			<string>&lt;group&gt;</string>
		</dict>
		<key>D0A9F9A116493694000D0CF7</key>
		<dict>
			<key>fileEncoding</key>
			<string>4</string>
			<key>isa</key>
			<string>PBXFileReference</string>
			<key>lastKnownFileType</key>
			<string>sourcecode.c.h</string>
			<key>path</key>
			<string>GADInterstitialDelegate.h</string>
			<key>sourceTree</key>
			<string>&lt;group&gt;</string>
		</dict>
		<key>D0A9F9A216493694000D0CF7</key>
		<dict>
			<key>fileEncoding</key>
			<string>4</string>
			<key>isa</key>
			<string>PBXFileReference</string>
			<key>lastKnownFileType</key>
			<string>sourcecode.c.h</string>
			<key>path</key>
			<string>GADRequest.h</string>
			<key>sourceTree</key>
			<string>&lt;group&gt;</string>
		</dict>
		<key>D0A9F9A316493694000D0CF7</key>
		<dict>
			<key>fileEncoding</key>
			<string>4</string>
			<key>isa</key>
			<string>PBXFileReference</string>
			<key>lastKnownFileType</key>
			<string>sourcecode.c.h</string>
			<key>path</key>
			<string>GADRequestError.h</string>
			<key>sourceTree</key>
			<string>&lt;group&gt;</string>
		</dict>
		<key>D0A9F9A416493694000D0CF7</key>
		<dict>
			<key>isa</key>
			<string>PBXFileReference</string>
			<key>lastKnownFileType</key>
			<string>archive.ar</string>
			<key>path</key>
			<string>libGoogleAdMobAds.a</string>
			<key>sourceTree</key>
			<string>&lt;group&gt;</string>
		</dict>
		<key>D0A9F9A516493694000D0CF7</key>
		<dict>
			<key>fileRef</key>
			<string>D0A9F9A416493694000D0CF7</string>
			<key>isa</key>
			<string>PBXBuildFile</string>
		</dict>
		<key>D0A9F9A6164936B3000D0CF7</key>
		<dict>
			<key>isa</key>
			<string>PBXFileReference</string>
			<key>lastKnownFileType</key>
			<string>wrapper.framework</string>
			<key>name</key>
			<string>StoreKit.framework</string>
			<key>path</key>
			<string>System/Library/Frameworks/StoreKit.framework</string>
			<key>sourceTree</key>
			<string>SDKROOT</string>
		</dict>
		<key>D0A9F9A7164936B3000D0CF7</key>
		<dict>
			<key>fileRef</key>
			<string>D0A9F9A6164936B3000D0CF7</string>
			<key>isa</key>
			<string>PBXBuildFile</string>
		</dict>
		<key>D0A9F9A8164936D9000D0CF7</key>
		<dict>
			<key>isa</key>
			<string>PBXFileReference</string>
			<key>lastKnownFileType</key>
			<string>wrapper.framework</string>
			<key>name</key>
			<string>AdSupport.framework</string>
			<key>path</key>
			<string>System/Library/Frameworks/AdSupport.framework</string>
			<key>sourceTree</key>
			<string>SDKROOT</string>
		</dict>
		<key>D0A9F9A9164936D9000D0CF7</key>
		<dict>
			<key>fileRef</key>
			<string>D0A9F9A8164936D9000D0CF7</string>
			<key>isa</key>
			<string>PBXBuildFile</string>
		</dict>
		<key>D0A9F9AA16493989000D0CF7</key>
		<dict>
			<key>fileEncoding</key>
			<string>4</string>
			<key>isa</key>
			<string>PBXFileReference</string>
			<key>lastKnownFileType</key>
			<string>sourcecode.c.h</string>
			<key>path</key>
			<string>Reachability.h</string>
			<key>sourceTree</key>
			<string>&lt;group&gt;</string>
		</dict>
		<key>D0A9F9AB16493989000D0CF7</key>
		<dict>
			<key>fileEncoding</key>
			<string>4</string>
			<key>isa</key>
			<string>PBXFileReference</string>
			<key>lastKnownFileType</key>
			<string>sourcecode.c.objc</string>
			<key>path</key>
			<string>Reachability.m</string>
			<key>sourceTree</key>
			<string>&lt;group&gt;</string>
		</dict>
		<key>D0A9F9AC16493989000D0CF7</key>
		<dict>
			<key>fileRef</key>
			<string>D0A9F9AB16493989000D0CF7</string>
			<key>isa</key>
			<string>PBXBuildFile</string>
			<key>settings</key>
			<dict>
				<key>COMPILER_FLAGS</key>
				<string>-fno-objc-arc</string>
			</dict>
		</dict>
		<key>D0A9F9AD1649423E000D0CF7</key>
		<dict>
			<key>isa</key>
			<string>PBXFileReference</string>
			<key>lastKnownFileType</key>
			<string>image.png</string>
			<key>path</key>
			<string>Default-568h@2x.png</string>
			<key>sourceTree</key>
			<string>&lt;group&gt;</string>
		</dict>
		<key>D0A9F9AE1649423E000D0CF7</key>
		<dict>
			<key>fileRef</key>
			<string>D0A9F9AD1649423E000D0CF7</string>
			<key>isa</key>
			<string>PBXBuildFile</string>
		</dict>
		<key>D0A9F9AF164942BA000D0CF7</key>
		<dict>
			<key>fileEncoding</key>
			<string>4</string>
			<key>isa</key>
			<string>PBXFileReference</string>
			<key>lastKnownFileType</key>
			<string>sourcecode.c.h</string>
			<key>path</key>
			<string>GAI.h</string>
			<key>sourceTree</key>
			<string>&lt;group&gt;</string>
		</dict>
		<key>D0A9F9B0164942BA000D0CF7</key>
		<dict>
			<key>fileEncoding</key>
			<string>4</string>
			<key>isa</key>
			<string>PBXFileReference</string>
			<key>lastKnownFileType</key>
			<string>sourcecode.c.h</string>
			<key>path</key>
			<string>GAITrackedViewController.h</string>
			<key>sourceTree</key>
			<string>&lt;group&gt;</string>
		</dict>
		<key>D0A9F9B1164942BA000D0CF7</key>
		<dict>
			<key>fileEncoding</key>
			<string>4</string>
			<key>isa</key>
			<string>PBXFileReference</string>
			<key>lastKnownFileType</key>
			<string>sourcecode.c.h</string>
			<key>path</key>
			<string>GAITracker.h</string>
			<key>sourceTree</key>
			<string>&lt;group&gt;</string>
		</dict>
		<key>D0A9F9B2164942BA000D0CF7</key>
		<dict>
			<key>fileEncoding</key>
			<string>4</string>
			<key>isa</key>
			<string>PBXFileReference</string>
			<key>lastKnownFileType</key>
			<string>sourcecode.c.h</string>
			<key>path</key>
			<string>GAITransaction.h</string>
			<key>sourceTree</key>
			<string>&lt;group&gt;</string>
		</dict>
		<key>D0A9F9B3164942BA000D0CF7</key>
		<dict>
			<key>fileEncoding</key>
			<string>4</string>
			<key>isa</key>
			<string>PBXFileReference</string>
			<key>lastKnownFileType</key>
			<string>sourcecode.c.h</string>
			<key>path</key>
			<string>GAITransactionItem.h</string>
			<key>sourceTree</key>
			<string>&lt;group&gt;</string>
		</dict>
		<key>D0A9F9B4164942BB000D0CF7</key>
		<dict>
			<key>isa</key>
			<string>PBXFileReference</string>
			<key>lastKnownFileType</key>
			<string>archive.ar</string>
			<key>path</key>
			<string>libGoogleAnalytics.a</string>
			<key>sourceTree</key>
			<string>&lt;group&gt;</string>
		</dict>
		<key>D0A9F9B5164942BB000D0CF7</key>
		<dict>
			<key>fileRef</key>
			<string>D0A9F9B4164942BB000D0CF7</string>
			<key>isa</key>
			<string>PBXBuildFile</string>
		</dict>
		<key>D0A9F9B6164942E5000D0CF7</key>
		<dict>
			<key>isa</key>
			<string>PBXFileReference</string>
			<key>lastKnownFileType</key>
			<string>wrapper.framework</string>
			<key>name</key>
			<string>CoreData.framework</string>
			<key>path</key>
			<string>System/Library/Frameworks/CoreData.framework</string>
			<key>sourceTree</key>
			<string>SDKROOT</string>
		</dict>
		<key>D0A9F9B7164942E5000D0CF7</key>
		<dict>
			<key>fileRef</key>
			<string>D0A9F9B6164942E5000D0CF7</string>
			<key>isa</key>
			<string>PBXBuildFile</string>
		</dict>
		<key>D0A9F9C2164946EB000D0CF7</key>
		<dict>
			<key>isa</key>
			<string>PBXFileReference</string>
			<key>lastKnownFileType</key>
			<string>image.png</string>
			<key>path</key>
			<string>Icon-72.png</string>
			<key>sourceTree</key>
			<string>&lt;group&gt;</string>
		</dict>
		<key>D0A9F9C3164946EB000D0CF7</key>
		<dict>
			<key>fileRef</key>
			<string>D0A9F9C2164946EB000D0CF7</string>
			<key>isa</key>
			<string>PBXBuildFile</string>
		</dict>
		<key>D0A9F9C4164946F0000D0CF7</key>
		<dict>
			<key>isa</key>
			<string>PBXFileReference</string>
			<key>lastKnownFileType</key>
			<string>image.png</string>
			<key>path</key>
			<string>Icon-72@2x.png</string>
			<key>sourceTree</key>
			<string>&lt;group&gt;</string>
		</dict>
		<key>D0A9F9C5164946F0000D0CF7</key>
		<dict>
			<key>fileRef</key>
			<string>D0A9F9C4164946F0000D0CF7</string>
			<key>isa</key>
			<string>PBXBuildFile</string>
		</dict>
		<key>D0B2169F14DAA78E00719932</key>
		<dict>
			<key>isa</key>
			<string>PBXFileReference</string>
			<key>lastKnownFileType</key>
			<string>wrapper.framework</string>
			<key>name</key>
			<string>AddressBook.framework</string>
			<key>path</key>
			<string>System/Library/Frameworks/AddressBook.framework</string>
			<key>sourceTree</key>
			<string>SDKROOT</string>
		</dict>
		<key>D0B216A014DAA78E00719932</key>
		<dict>
			<key>fileRef</key>
			<string>D0B2169F14DAA78E00719932</string>
			<key>isa</key>
			<string>PBXBuildFile</string>
		</dict>
		<key>D0B216A114DAA79800719932</key>
		<dict>
			<key>isa</key>
			<string>PBXFileReference</string>
			<key>lastKnownFileType</key>
			<string>wrapper.framework</string>
			<key>name</key>
			<string>CoreLocation.framework</string>
			<key>path</key>
			<string>System/Library/Frameworks/CoreLocation.framework</string>
			<key>sourceTree</key>
			<string>SDKROOT</string>
		</dict>
		<key>D0B216A214DAA79800719932</key>
		<dict>
			<key>fileRef</key>
			<string>D0B216A114DAA79800719932</string>
			<key>isa</key>
			<string>PBXBuildFile</string>
		</dict>
		<key>D0B216A514DAA80500719932</key>
		<dict>
			<key>isa</key>
			<string>PBXFileReference</string>
			<key>lastKnownFileType</key>
			<string>compiled.mach-o.dylib</string>
			<key>name</key>
			<string>libsqlite3.dylib</string>
			<key>path</key>
			<string>usr/lib/libsqlite3.dylib</string>
			<key>sourceTree</key>
			<string>SDKROOT</string>
		</dict>
		<key>D0B216A614DAA80500719932</key>
		<dict>
			<key>fileRef</key>
			<string>D0B216A514DAA80500719932</string>
			<key>isa</key>
			<string>PBXBuildFile</string>
		</dict>
		<key>D0B216A714DAA81500719932</key>
		<dict>
			<key>isa</key>
			<string>PBXFileReference</string>
			<key>lastKnownFileType</key>
			<string>compiled.mach-o.dylib</string>
			<key>name</key>
			<string>libz.dylib</string>
			<key>path</key>
			<string>usr/lib/libz.dylib</string>
			<key>sourceTree</key>
			<string>SDKROOT</string>
		</dict>
		<key>D0B216A814DAA81500719932</key>
		<dict>
			<key>fileRef</key>
			<string>D0B216A714DAA81500719932</string>
			<key>isa</key>
			<string>PBXBuildFile</string>
		</dict>
		<key>D0B216A914DAA83B00719932</key>
		<dict>
			<key>isa</key>
			<string>PBXFileReference</string>
			<key>lastKnownFileType</key>
			<string>wrapper.framework</string>
			<key>name</key>
			<string>MapKit.framework</string>
			<key>path</key>
			<string>System/Library/Frameworks/MapKit.framework</string>
			<key>sourceTree</key>
			<string>SDKROOT</string>
		</dict>
		<key>D0B216AB14DAA91B00719932</key>
		<dict>
			<key>isa</key>
			<string>PBXFileReference</string>
			<key>lastKnownFileType</key>
			<string>wrapper.framework</string>
			<key>name</key>
			<string>AudioToolbox.framework</string>
			<key>path</key>
			<string>System/Library/Frameworks/AudioToolbox.framework</string>
			<key>sourceTree</key>
			<string>SDKROOT</string>
		</dict>
		<key>D0B216AC14DAA91B00719932</key>
		<dict>
			<key>fileRef</key>
			<string>D0B216AB14DAA91B00719932</string>
			<key>isa</key>
			<string>PBXBuildFile</string>
		</dict>
		<key>D0B216AD14DAA92300719932</key>
		<dict>
			<key>isa</key>
			<string>PBXFileReference</string>
			<key>lastKnownFileType</key>
			<string>wrapper.framework</string>
			<key>name</key>
			<string>AVFoundation.framework</string>
			<key>path</key>
			<string>System/Library/Frameworks/AVFoundation.framework</string>
			<key>sourceTree</key>
			<string>SDKROOT</string>
		</dict>
		<key>D0B216AE14DAA92300719932</key>
		<dict>
			<key>fileRef</key>
			<string>D0B216AD14DAA92300719932</string>
			<key>isa</key>
			<string>PBXBuildFile</string>
		</dict>
		<key>D0B216AF14DAA93F00719932</key>
		<dict>
			<key>fileRef</key>
			<string>D0B216A914DAA83B00719932</string>
			<key>isa</key>
			<string>PBXBuildFile</string>
		</dict>
		<key>D0B3DD53164A89AB00225C20</key>
		<dict>
			<key>isa</key>
			<string>PBXFileReference</string>
			<key>lastKnownFileType</key>
			<string>file.storyboard</string>
			<key>name</key>
			<string>Base</string>
			<key>path</key>
			<string>Base.lproj/iPhone.storyboard</string>
			<key>sourceTree</key>
			<string>&lt;group&gt;</string>
		</dict>
		<key>D0D24753164A936300EA8401</key>
		<dict>
			<key>isa</key>
			<string>PBXFileReference</string>
			<key>lastKnownFileType</key>
			<string>text.plist.strings</string>
			<key>name</key>
			<string>ru</string>
			<key>path</key>
			<string>ru.lproj/iPhone.strings</string>
			<key>sourceTree</key>
			<string>&lt;group&gt;</string>
		</dict>
		<key>D0D24754164A937000EA8401</key>
		<dict>
			<key>isa</key>
			<string>PBXFileReference</string>
			<key>lastKnownFileType</key>
			<string>text.plist.strings</string>
			<key>name</key>
			<string>nb</string>
			<key>path</key>
			<string>nb.lproj/iPhone.strings</string>
			<key>sourceTree</key>
			<string>&lt;group&gt;</string>
		</dict>
	</dict>
	<key>rootObject</key>
	<string>2F9569F8148BD1DA00549814</string>
</dict>
</plist>
